// !$*UTF8*$!
{
	archiveVersion = 1;
	classes = {
	};
	objectVersion = 46;
	objects = {

/* Begin PBXBuildFile section */
		0408118D184F04300046603E /* InfoPlist.strings in Resources */ = {isa = PBXBuildFile; fileRef = 0408118B184F04300046603E /* InfoPlist.strings */; };
		0408118F184F04300046603E /* main.m in Sources */ = {isa = PBXBuildFile; fileRef = 0408118E184F04300046603E /* main.m */; };
		04081193184F04300046603E /* AppDelegate.m in Sources */ = {isa = PBXBuildFile; fileRef = 04081192184F04300046603E /* AppDelegate.m */; };
		04081195184F04300046603E /* Images.xcassets in Resources */ = {isa = PBXBuildFile; fileRef = 04081194184F04300046603E /* Images.xcassets */; };
		0408119C184F04300046603E /* XCTest.framework in Frameworks */ = {isa = PBXBuildFile; fileRef = 0408119B184F04300046603E /* XCTest.framework */; };
		0408119D184F04300046603E /* Foundation.framework in Frameworks */ = {isa = PBXBuildFile; fileRef = 04081182184F04300046603E /* Foundation.framework */; };
		0408119E184F04300046603E /* UIKit.framework in Frameworks */ = {isa = PBXBuildFile; fileRef = 04081186184F04300046603E /* UIKit.framework */; };
		040811A6184F04300046603E /* InfoPlist.strings in Resources */ = {isa = PBXBuildFile; fileRef = 040811A4184F04300046603E /* InfoPlist.strings */; };
		040811A8184F04300046603E /* _08Tests.m in Sources */ = {isa = PBXBuildFile; fileRef = 040811A7184F04300046603E /* _08Tests.m */; };
		046BF5BC187A57A6003B5E0C /* MBProgressHUD.m in Sources */ = {isa = PBXBuildFile; fileRef = 046BF5BB187A57A6003B5E0C /* MBProgressHUD.m */; };
		046BF5BF187AADB7003B5E0C /* PlanDetailCell.m in Sources */ = {isa = PBXBuildFile; fileRef = 046BF5BE187AADB7003B5E0C /* PlanDetailCell.m */; };
		04766EBE187E543E00F18184 /* fenXiangGuoDe@2x.png in Resources */ = {isa = PBXBuildFile; fileRef = 04766EBA187E543E00F18184 /* fenXiangGuoDe@2x.png */; };
		04766EBF187E543E00F18184 /* maShangDengRu@2x.png in Resources */ = {isa = PBXBuildFile; fileRef = 04766EBB187E543E00F18184 /* maShangDengRu@2x.png */; };
		04766EC0187E543E00F18184 /* shouCang@2x.png in Resources */ = {isa = PBXBuildFile; fileRef = 04766EBC187E543E00F18184 /* shouCang@2x.png */; };
		04766EC1187E543E00F18184 /* tuPian@2x.png in Resources */ = {isa = PBXBuildFile; fileRef = 04766EBD187E543E00F18184 /* tuPian@2x.png */; };
		04766EC4187E573400F18184 /* FarmeViewController.m in Sources */ = {isa = PBXBuildFile; fileRef = 04766EC3187E573400F18184 /* FarmeViewController.m */; };
		047D8C221869388F005AC5CF /* HomeViewController.m in Sources */ = {isa = PBXBuildFile; fileRef = 047D8C211869388F005AC5CF /* HomeViewController.m */; };
		047D8C2518696AFD005AC5CF /* Plan.m in Sources */ = {isa = PBXBuildFile; fileRef = 047D8C2418696AFD005AC5CF /* Plan.m */; };
		047D8C28186AB48C005AC5CF /* Business.m in Sources */ = {isa = PBXBuildFile; fileRef = 047D8C27186AB48C005AC5CF /* Business.m */; };
		04993E731862CB9600EA54C4 /* AFHTTPRequestOperation.m in Sources */ = {isa = PBXBuildFile; fileRef = 04993E611862CB9600EA54C4 /* AFHTTPRequestOperation.m */; };
		04993E741862CB9600EA54C4 /* AFHTTPRequestOperationManager.m in Sources */ = {isa = PBXBuildFile; fileRef = 04993E631862CB9600EA54C4 /* AFHTTPRequestOperationManager.m */; };
		04993E751862CB9600EA54C4 /* AFHTTPSessionManager.m in Sources */ = {isa = PBXBuildFile; fileRef = 04993E651862CB9600EA54C4 /* AFHTTPSessionManager.m */; };
		04993E761862CB9600EA54C4 /* AFNetworkReachabilityManager.m in Sources */ = {isa = PBXBuildFile; fileRef = 04993E681862CB9600EA54C4 /* AFNetworkReachabilityManager.m */; };
		04993E771862CB9600EA54C4 /* AFSecurityPolicy.m in Sources */ = {isa = PBXBuildFile; fileRef = 04993E6A1862CB9600EA54C4 /* AFSecurityPolicy.m */; };
		04993E781862CB9600EA54C4 /* AFURLConnectionOperation.m in Sources */ = {isa = PBXBuildFile; fileRef = 04993E6C1862CB9600EA54C4 /* AFURLConnectionOperation.m */; };
		04993E791862CB9600EA54C4 /* AFURLRequestSerialization.m in Sources */ = {isa = PBXBuildFile; fileRef = 04993E6E1862CB9600EA54C4 /* AFURLRequestSerialization.m */; };
		04993E7A1862CB9600EA54C4 /* AFURLResponseSerialization.m in Sources */ = {isa = PBXBuildFile; fileRef = 04993E701862CB9600EA54C4 /* AFURLResponseSerialization.m */; };
		04993E7B1862CB9600EA54C4 /* AFURLSessionManager.m in Sources */ = {isa = PBXBuildFile; fileRef = 04993E721862CB9600EA54C4 /* AFURLSessionManager.m */; };
		04993E861862CFEF00EA54C4 /* AppAPIClient.m in Sources */ = {isa = PBXBuildFile; fileRef = 04993E851862CFEF00EA54C4 /* AppAPIClient.m */; };
		04993E8A1862D4C100EA54C4 /* REXFocusImageItem.m in Sources */ = {isa = PBXBuildFile; fileRef = 04993E891862D4C100EA54C4 /* REXFocusImageItem.m */; };
		04993E8D1862D4E600EA54C4 /* REXFocusImageFrame.m in Sources */ = {isa = PBXBuildFile; fileRef = 04993E8C1862D4E600EA54C4 /* REXFocusImageFrame.m */; };
		04993E9A1862EF3400EA54C4 /* banner1@2x.png in Resources */ = {isa = PBXBuildFile; fileRef = 04993E971862EF3400EA54C4 /* banner1@2x.png */; };
		04993E9B1862EF3400EA54C4 /* banner2@2x.png in Resources */ = {isa = PBXBuildFile; fileRef = 04993E981862EF3400EA54C4 /* banner2@2x.png */; };
		04993E9C1862EF3400EA54C4 /* banner3@2x.png in Resources */ = {isa = PBXBuildFile; fileRef = 04993E991862EF3400EA54C4 /* banner3@2x.png */; };
		04993EB61863FB8F00EA54C4 /* MainViewController.m in Sources */ = {isa = PBXBuildFile; fileRef = 04993EB51863FB8F00EA54C4 /* MainViewController.m */; };
		04993EBA1864112300EA54C4 /* SearchIcon@2x.png in Resources */ = {isa = PBXBuildFile; fileRef = 04993EB81864112300EA54C4 /* SearchIcon@2x.png */; };
		04993EBB1864112300EA54C4 /* SetIcon@2x.png in Resources */ = {isa = PBXBuildFile; fileRef = 04993EB91864112300EA54C4 /* SetIcon@2x.png */; };
		04993EBD1864112A00EA54C4 /* HomeIcon@2x.png in Resources */ = {isa = PBXBuildFile; fileRef = 04993EBC1864112A00EA54C4 /* HomeIcon@2x.png */; };
		04993EC3186411D700EA54C4 /* SearchViewController.m in Sources */ = {isa = PBXBuildFile; fileRef = 04993EC2186411D700EA54C4 /* SearchViewController.m */; };
		04993EC6186411E200EA54C4 /* SetViewController.m in Sources */ = {isa = PBXBuildFile; fileRef = 04993EC5186411E200EA54C4 /* SetViewController.m */; };
		04993EC918641C6D00EA54C4 /* CollectionPlanView.m in Sources */ = {isa = PBXBuildFile; fileRef = 04993EC818641C6D00EA54C4 /* CollectionPlanView.m */; };
		04993ECF186427CA00EA54C4 /* Collection.m in Sources */ = {isa = PBXBuildFile; fileRef = 04993ECE186427CA00EA54C4 /* Collection.m */; };
		04993EDB1864294200EA54C4 /* fengJing@2x.png in Resources */ = {isa = PBXBuildFile; fileRef = 04993ED21864294200EA54C4 /* fengJing@2x.png */; };
		04993EDC1864294200EA54C4 /* jinYeBuMian@2x.png in Resources */ = {isa = PBXBuildFile; fileRef = 04993ED31864294200EA54C4 /* jinYeBuMian@2x.png */; };
		04993EDD1864294200EA54C4 /* juHui@2x.png in Resources */ = {isa = PBXBuildFile; fileRef = 04993ED41864294200EA54C4 /* juHui@2x.png */; };
		04993EDE1864294200EA54C4 /* maiZui@2x.png in Resources */ = {isa = PBXBuildFile; fileRef = 04993ED51864294200EA54C4 /* maiZui@2x.png */; };
		04993EDF1864294200EA54C4 /* qinLvYueHui@2x.png in Resources */ = {isa = PBXBuildFile; fileRef = 04993ED61864294200EA54C4 /* qinLvYueHui@2x.png */; };
		04993EE01864294200EA54C4 /* qinZi@2x.png in Resources */ = {isa = PBXBuildFile; fileRef = 04993ED71864294200EA54C4 /* qinZi@2x.png */; };
		04993EE11864294200EA54C4 /* qita@2x.png in Resources */ = {isa = PBXBuildFile; fileRef = 04993ED81864294200EA54C4 /* qita@2x.png */; };
		04993EE21864294200EA54C4 /* xiaoQinXin@2x.png in Resources */ = {isa = PBXBuildFile; fileRef = 04993ED91864294200EA54C4 /* xiaoQinXin@2x.png */; };
		04993EE31864294200EA54C4 /* yiGeRen@2x.png in Resources */ = {isa = PBXBuildFile; fileRef = 04993EDA1864294200EA54C4 /* yiGeRen@2x.png */; };
		04A5B36C187159390037E29A /* PlanDetailViewController.m in Sources */ = {isa = PBXBuildFile; fileRef = 04A5B36B187159390037E29A /* PlanDetailViewController.m */; };
		04A5B37018716BAE0037E29A /* UserLoginViewController.m in Sources */ = {isa = PBXBuildFile; fileRef = 04A5B36F18716BAE0037E29A /* UserLoginViewController.m */; };
		04A5B37318716BD00037E29A /* UserRegisterViewController.m in Sources */ = {isa = PBXBuildFile; fileRef = 04A5B37218716BD00037E29A /* UserRegisterViewController.m */; };
		04A5B37618716BF20037E29A /* User.m in Sources */ = {isa = PBXBuildFile; fileRef = 04A5B37518716BF20037E29A /* User.m */; };
		04A5B3941872AD8B0037E29A /* PlanCell.m in Sources */ = {isa = PBXBuildFile; fileRef = 04A5B3931872AD8B0037E29A /* PlanCell.m */; };
		04A5B3A518754BEE0037E29A /* AFNetworkActivityIndicatorManager.m in Sources */ = {isa = PBXBuildFile; fileRef = 04A5B39718754BEE0037E29A /* AFNetworkActivityIndicatorManager.m */; };
		04A5B3A618754BEE0037E29A /* UIActivityIndicatorView+AFNetworking.m in Sources */ = {isa = PBXBuildFile; fileRef = 04A5B39918754BEE0037E29A /* UIActivityIndicatorView+AFNetworking.m */; };
		04A5B3A718754BEE0037E29A /* UIAlertView+AFNetworking.m in Sources */ = {isa = PBXBuildFile; fileRef = 04A5B39B18754BEE0037E29A /* UIAlertView+AFNetworking.m */; };
		04A5B3A818754BEE0037E29A /* UIButton+AFNetworking.m in Sources */ = {isa = PBXBuildFile; fileRef = 04A5B39D18754BEE0037E29A /* UIButton+AFNetworking.m */; };
		04A5B3A918754BEE0037E29A /* UIImageView+AFNetworking.m in Sources */ = {isa = PBXBuildFile; fileRef = 04A5B39F18754BEE0037E29A /* UIImageView+AFNetworking.m */; };
		04A5B3AA18754BEE0037E29A /* UIProgressView+AFNetworking.m in Sources */ = {isa = PBXBuildFile; fileRef = 04A5B3A218754BEE0037E29A /* UIProgressView+AFNetworking.m */; };
		04A5B3AB18754BEE0037E29A /* UIWebView+AFNetworking.m in Sources */ = {isa = PBXBuildFile; fileRef = 04A5B3A418754BEE0037E29A /* UIWebView+AFNetworking.m */; };
		04A5B3B418754E030037E29A /* dengLu@2x.png in Resources */ = {isa = PBXBuildFile; fileRef = 04A5B3AD18754E030037E29A /* dengLu@2x.png */; };
		04A5B3B518754E030037E29A /* DengLuZhuCe@2x.png in Resources */ = {isa = PBXBuildFile; fileRef = 04A5B3AE18754E030037E29A /* DengLuZhuCe@2x.png */; };
		04A5B3B618754E030037E29A /* dengRuBg@2x.png in Resources */ = {isa = PBXBuildFile; fileRef = 04A5B3AF18754E030037E29A /* dengRuBg@2x.png */; };
		04A5B3B718754E030037E29A /* queRen@2x.png in Resources */ = {isa = PBXBuildFile; fileRef = 04A5B3B018754E030037E29A /* queRen@2x.png */; };
		04A5B3B818754E030037E29A /* touXiang@2x.png in Resources */ = {isa = PBXBuildFile; fileRef = 04A5B3B118754E030037E29A /* touXiang@2x.png */; };
		04A5B3B918754E030037E29A /* WeiBoDengru@2x.png in Resources */ = {isa = PBXBuildFile; fileRef = 04A5B3B218754E030037E29A /* WeiBoDengru@2x.png */; };
		04A5B3BA18754E030037E29A /* zhuCe@2x.png in Resources */ = {isa = PBXBuildFile; fileRef = 04A5B3B318754E030037E29A /* zhuCe@2x.png */; };
		04A5B3C918765ED70037E29A /* NSMutableArray+SWUtilityButtons.m in Sources */ = {isa = PBXBuildFile; fileRef = 04A5B3BE18765ED70037E29A /* NSMutableArray+SWUtilityButtons.m */; };
		04A5B3CA18765ED70037E29A /* SWCellScrollView.m in Sources */ = {isa = PBXBuildFile; fileRef = 04A5B3C018765ED70037E29A /* SWCellScrollView.m */; };
		04A5B3CB18765ED70037E29A /* SWLongPressGestureRecognizer.m in Sources */ = {isa = PBXBuildFile; fileRef = 04A5B3C218765ED70037E29A /* SWLongPressGestureRecognizer.m */; };
		04A5B3CC18765ED70037E29A /* SWTableViewCell.m in Sources */ = {isa = PBXBuildFile; fileRef = 04A5B3C418765ED70037E29A /* SWTableViewCell.m */; };
		04A5B3CD18765ED70037E29A /* SWUtilityButtonTapGestureRecognizer.m in Sources */ = {isa = PBXBuildFile; fileRef = 04A5B3C618765ED70037E29A /* SWUtilityButtonTapGestureRecognizer.m */; };
		04A5B3CE18765ED70037E29A /* SWUtilityButtonView.m in Sources */ = {isa = PBXBuildFile; fileRef = 04A5B3C818765ED70037E29A /* SWUtilityButtonView.m */; };
		04A5B3D118768D360037E29A /* REXJSONResponseSerializerWithData.m in Sources */ = {isa = PBXBuildFile; fileRef = 04A5B3D018768D360037E29A /* REXJSONResponseSerializerWithData.m */; };
		04C2B1081876B48300A22734 /* CollectionSearchView.m in Sources */ = {isa = PBXBuildFile; fileRef = 04C2B1071876B48300A22734 /* CollectionSearchView.m */; };
		04C2B11E1876B50800A22734 /* slider-default-handle-highlighted.png in Resources */ = {isa = PBXBuildFile; fileRef = 04C2B10B1876B50700A22734 /* slider-default-handle-highlighted.png */; };
		04C2B11F1876B50800A22734 /* slider-default-handle-highlighted@2x.png in Resources */ = {isa = PBXBuildFile; fileRef = 04C2B10C1876B50700A22734 /* slider-default-handle-highlighted@2x.png */; };
		04C2B1201876B50800A22734 /* slider-default-handle.png in Resources */ = {isa = PBXBuildFile; fileRef = 04C2B10D1876B50700A22734 /* slider-default-handle.png */; };
		04C2B1211876B50800A22734 /* slider-default-handle@2x.png in Resources */ = {isa = PBXBuildFile; fileRef = 04C2B10E1876B50700A22734 /* slider-default-handle@2x.png */; };
		04C2B1221876B50800A22734 /* slider-default-track.png in Resources */ = {isa = PBXBuildFile; fileRef = 04C2B10F1876B50700A22734 /* slider-default-track.png */; };
		04C2B1231876B50800A22734 /* slider-default-track@2x.png in Resources */ = {isa = PBXBuildFile; fileRef = 04C2B1101876B50700A22734 /* slider-default-track@2x.png */; };
		04C2B1241876B50800A22734 /* slider-default-trackBackground.png in Resources */ = {isa = PBXBuildFile; fileRef = 04C2B1111876B50700A22734 /* slider-default-trackBackground.png */; };
		04C2B1251876B50800A22734 /* slider-default_trackBackground@2x.png in Resources */ = {isa = PBXBuildFile; fileRef = 04C2B1121876B50700A22734 /* slider-default_trackBackground@2x.png */; };
		04C2B1261876B50800A22734 /* slider-metal-handle-highlighted.png in Resources */ = {isa = PBXBuildFile; fileRef = 04C2B1141876B50800A22734 /* slider-metal-handle-highlighted.png */; };
		04C2B1271876B50800A22734 /* slider-metal-handle-highlighted@2x.png in Resources */ = {isa = PBXBuildFile; fileRef = 04C2B1151876B50800A22734 /* slider-metal-handle-highlighted@2x.png */; };
		04C2B1281876B50800A22734 /* slider-metal-handle.png in Resources */ = {isa = PBXBuildFile; fileRef = 04C2B1161876B50800A22734 /* slider-metal-handle.png */; };
		04C2B1291876B50800A22734 /* slider-metal-handle@2x.png in Resources */ = {isa = PBXBuildFile; fileRef = 04C2B1171876B50800A22734 /* slider-metal-handle@2x.png */; };
		04C2B12A1876B50800A22734 /* slider-metal-track.png in Resources */ = {isa = PBXBuildFile; fileRef = 04C2B1181876B50800A22734 /* slider-metal-track.png */; };
		04C2B12B1876B50800A22734 /* slider-metal-track@2x.png in Resources */ = {isa = PBXBuildFile; fileRef = 04C2B1191876B50800A22734 /* slider-metal-track@2x.png */; };
		04C2B12C1876B50800A22734 /* slider-metal-trackBackground.png in Resources */ = {isa = PBXBuildFile; fileRef = 04C2B11A1876B50800A22734 /* slider-metal-trackBackground.png */; };
		04C2B12D1876B50800A22734 /* slider-metal-trackBackground@2x.png in Resources */ = {isa = PBXBuildFile; fileRef = 04C2B11B1876B50800A22734 /* slider-metal-trackBackground@2x.png */; };
		04C2B12E1876B50800A22734 /* NMRangeSlider.m in Sources */ = {isa = PBXBuildFile; fileRef = 04C2B11D1876B50800A22734 /* NMRangeSlider.m */; };
		04C2B1371876B6C800A22734 /* quanBuTeSe@2x.png in Resources */ = {isa = PBXBuildFile; fileRef = 04C2B1311876B6C800A22734 /* quanBuTeSe@2x.png */; };
		04C2B1381876B6C800A22734 /* queDing@2x.png in Resources */ = {isa = PBXBuildFile; fileRef = 04C2B1321876B6C800A22734 /* queDing@2x.png */; };
		04C2B1391876B6C800A22734 /* tuoYuanKuang@2x.png in Resources */ = {isa = PBXBuildFile; fileRef = 04C2B1331876B6C800A22734 /* tuoYuanKuang@2x.png */; };
		04C2B13A1876B6C800A22734 /* tuoYuanKuangCheng@2x.png in Resources */ = {isa = PBXBuildFile; fileRef = 04C2B1341876B6C800A22734 /* tuoYuanKuangCheng@2x.png */; };
		04C2B13B1876B6C800A22734 /* yuan@2x.png in Resources */ = {isa = PBXBuildFile; fileRef = 04C2B1351876B6C800A22734 /* yuan@2x.png */; };
		04CF949A186D7D3D00440CB0 /* Recommend.m in Sources */ = {isa = PBXBuildFile; fileRef = 04CF9499186D7D3D00440CB0 /* Recommend.m */; };
		04CF949D186D869700440CB0 /* PlanListViewController.m in Sources */ = {isa = PBXBuildFile; fileRef = 04CF949C186D869700440CB0 /* PlanListViewController.m */; };
		D50BE30A1876591E00B8A40E /* (null) in Resources */ = {isa = PBXBuildFile; };
		D50BE30B1876591E00B8A40E /* (null) in Resources */ = {isa = PBXBuildFile; };
		D50BE30C1876591E00B8A40E /* (null) in Resources */ = {isa = PBXBuildFile; };
		D50BE30D1876591E00B8A40E /* (null) in Resources */ = {isa = PBXBuildFile; };
		D5640B89187BE0C400D85342 /* Error.m in Sources */ = {isa = PBXBuildFile; fileRef = D5640B88187BE0C400D85342 /* Error.m */; };
		D5640B8E187BE0D800D85342 /* WeiboSDK.bundle in Resources */ = {isa = PBXBuildFile; fileRef = D5640B8C187BE0D800D85342 /* WeiboSDK.bundle */; };
		D5640B91187BE0F300D85342 /* UserViewController.m in Sources */ = {isa = PBXBuildFile; fileRef = D5640B90187BE0F300D85342 /* UserViewController.m */; };
		D5E638B11875566B00CD7772 /* (null) in Sources */ = {isa = PBXBuildFile; };
		DFE4F417187F8C9C00676D40 /* quanBuDiQu@2x.png in Resources */ = {isa = PBXBuildFile; fileRef = DFE4F416187F8C9C00676D40 /* quanBuDiQu@2x.png */; };
		DFE4F419187F8CBD00676D40 /* baiKuang@2x.png in Resources */ = {isa = PBXBuildFile; fileRef = DFE4F418187F8CBD00676D40 /* baiKuang@2x.png */; };
		DFE633F2188774D600B63EA2 /* AllCharacteristicController.m in Sources */ = {isa = PBXBuildFile; fileRef = DFE633F1188774D600B63EA2 /* AllCharacteristicController.m */; };
		DFE722751876A92C0095D090 /* (null) in Sources */ = {isa = PBXBuildFile; };
		DFE77244187BD92900D02377 /* (null) in Resources */ = {isa = PBXBuildFile; };
		DFE8F22C187BDB040090C46C /* (null) in Resources */ = {isa = PBXBuildFile; };
		DFE8F231187BE23F0090C46C /* fenXiangGuoDe@2x.png in Resources */ = {isa = PBXBuildFile; fileRef = DFE8F22D187BE23F0090C46C /* fenXiangGuoDe@2x.png */; };
		DFE8F232187BE23F0090C46C /* maShangDengRu@2x.png in Resources */ = {isa = PBXBuildFile; fileRef = DFE8F22E187BE23F0090C46C /* maShangDengRu@2x.png */; };
		DFE8F233187BE23F0090C46C /* shouCang@2x.png in Resources */ = {isa = PBXBuildFile; fileRef = DFE8F22F187BE23F0090C46C /* shouCang@2x.png */; };
		DFE8F234187BE23F0090C46C /* tuPian@2x.png in Resources */ = {isa = PBXBuildFile; fileRef = DFE8F230187BE23F0090C46C /* tuPian@2x.png */; };
		DFE8F23F187BEADC0090C46C /* AllRegionsController.m in Sources */ = {isa = PBXBuildFile; fileRef = DFE8F23D187BEADC0090C46C /* AllRegionsController.m */; };
		DFE8F245187E5A150090C46C /* Regions.m in Sources */ = {isa = PBXBuildFile; fileRef = DFE8F244187E5A150090C46C /* Regions.m */; };
		DFEBD3C2187AAF5300FA087F /* (null) in Resources */ = {isa = PBXBuildFile; };
/* End PBXBuildFile section */

/* Begin PBXContainerItemProxy section */
		0408119F184F04300046603E /* PBXContainerItemProxy */ = {
			isa = PBXContainerItemProxy;
			containerPortal = 04081177184F04300046603E /* Project object */;
			proxyType = 1;
			remoteGlobalIDString = 0408117E184F04300046603E;
			remoteInfo = 008;
		};
/* End PBXContainerItemProxy section */

/* Begin PBXFileReference section */
		0408117F184F04300046603E /* 008.app */ = {isa = PBXFileReference; explicitFileType = wrapper.application; includeInIndex = 0; path = 008.app; sourceTree = BUILT_PRODUCTS_DIR; };
		04081182184F04300046603E /* Foundation.framework */ = {isa = PBXFileReference; lastKnownFileType = wrapper.framework; name = Foundation.framework; path = System/Library/Frameworks/Foundation.framework; sourceTree = SDKROOT; };
		04081184184F04300046603E /* CoreGraphics.framework */ = {isa = PBXFileReference; lastKnownFileType = wrapper.framework; name = CoreGraphics.framework; path = System/Library/Frameworks/CoreGraphics.framework; sourceTree = SDKROOT; };
		04081186184F04300046603E /* UIKit.framework */ = {isa = PBXFileReference; lastKnownFileType = wrapper.framework; name = UIKit.framework; path = System/Library/Frameworks/UIKit.framework; sourceTree = SDKROOT; };
		0408118A184F04300046603E /* 008-Info.plist */ = {isa = PBXFileReference; lastKnownFileType = text.plist.xml; path = "008-Info.plist"; sourceTree = "<group>"; };
		0408118C184F04300046603E /* en */ = {isa = PBXFileReference; lastKnownFileType = text.plist.strings; name = en; path = en.lproj/InfoPlist.strings; sourceTree = "<group>"; };
		0408118E184F04300046603E /* main.m */ = {isa = PBXFileReference; lastKnownFileType = sourcecode.c.objc; path = main.m; sourceTree = "<group>"; };
		04081190184F04300046603E /* 008-Prefix.pch */ = {isa = PBXFileReference; lastKnownFileType = sourcecode.c.h; path = "008-Prefix.pch"; sourceTree = "<group>"; };
		04081191184F04300046603E /* AppDelegate.h */ = {isa = PBXFileReference; lastKnownFileType = sourcecode.c.h; path = AppDelegate.h; sourceTree = "<group>"; };
		04081192184F04300046603E /* AppDelegate.m */ = {isa = PBXFileReference; lastKnownFileType = sourcecode.c.objc; path = AppDelegate.m; sourceTree = "<group>"; };
		04081194184F04300046603E /* Images.xcassets */ = {isa = PBXFileReference; lastKnownFileType = folder.assetcatalog; path = Images.xcassets; sourceTree = "<group>"; };
		0408119A184F04300046603E /* 008Tests.xctest */ = {isa = PBXFileReference; explicitFileType = wrapper.cfbundle; includeInIndex = 0; path = 008Tests.xctest; sourceTree = BUILT_PRODUCTS_DIR; };
		0408119B184F04300046603E /* XCTest.framework */ = {isa = PBXFileReference; lastKnownFileType = wrapper.framework; name = XCTest.framework; path = Library/Frameworks/XCTest.framework; sourceTree = DEVELOPER_DIR; };
		040811A3184F04300046603E /* 008Tests-Info.plist */ = {isa = PBXFileReference; lastKnownFileType = text.plist.xml; path = "008Tests-Info.plist"; sourceTree = "<group>"; };
		040811A5184F04300046603E /* en */ = {isa = PBXFileReference; lastKnownFileType = text.plist.strings; name = en; path = en.lproj/InfoPlist.strings; sourceTree = "<group>"; };
		040811A7184F04300046603E /* _08Tests.m */ = {isa = PBXFileReference; lastKnownFileType = sourcecode.c.objc; path = _08Tests.m; sourceTree = "<group>"; };
		046BF5BA187A57A6003B5E0C /* MBProgressHUD.h */ = {isa = PBXFileReference; fileEncoding = 4; lastKnownFileType = sourcecode.c.h; path = MBProgressHUD.h; sourceTree = "<group>"; };
		046BF5BB187A57A6003B5E0C /* MBProgressHUD.m */ = {isa = PBXFileReference; fileEncoding = 4; lastKnownFileType = sourcecode.c.objc; path = MBProgressHUD.m; sourceTree = "<group>"; };
		046BF5BD187AADB7003B5E0C /* PlanDetailCell.h */ = {isa = PBXFileReference; fileEncoding = 4; lastKnownFileType = sourcecode.c.h; path = PlanDetailCell.h; sourceTree = "<group>"; };
		046BF5BE187AADB7003B5E0C /* PlanDetailCell.m */ = {isa = PBXFileReference; fileEncoding = 4; lastKnownFileType = sourcecode.c.objc; path = PlanDetailCell.m; sourceTree = "<group>"; };
		04766EBA187E543E00F18184 /* fenXiangGuoDe@2x.png */ = {isa = PBXFileReference; lastKnownFileType = image.png; path = "fenXiangGuoDe@2x.png"; sourceTree = "<group>"; };
		04766EBB187E543E00F18184 /* maShangDengRu@2x.png */ = {isa = PBXFileReference; lastKnownFileType = image.png; path = "maShangDengRu@2x.png"; sourceTree = "<group>"; };
		04766EBC187E543E00F18184 /* shouCang@2x.png */ = {isa = PBXFileReference; lastKnownFileType = image.png; path = "shouCang@2x.png"; sourceTree = "<group>"; };
		04766EBD187E543E00F18184 /* tuPian@2x.png */ = {isa = PBXFileReference; lastKnownFileType = image.png; path = "tuPian@2x.png"; sourceTree = "<group>"; };
		04766EC2187E573400F18184 /* FarmeViewController.h */ = {isa = PBXFileReference; fileEncoding = 4; lastKnownFileType = sourcecode.c.h; path = FarmeViewController.h; sourceTree = "<group>"; };
		04766EC3187E573400F18184 /* FarmeViewController.m */ = {isa = PBXFileReference; fileEncoding = 4; lastKnownFileType = sourcecode.c.objc; path = FarmeViewController.m; sourceTree = "<group>"; };
		047D8C201869388F005AC5CF /* HomeViewController.h */ = {isa = PBXFileReference; fileEncoding = 4; lastKnownFileType = sourcecode.c.h; path = HomeViewController.h; sourceTree = "<group>"; };
		047D8C211869388F005AC5CF /* HomeViewController.m */ = {isa = PBXFileReference; fileEncoding = 4; lastKnownFileType = sourcecode.c.objc; path = HomeViewController.m; sourceTree = "<group>"; };
		047D8C2318696AFD005AC5CF /* Plan.h */ = {isa = PBXFileReference; fileEncoding = 4; lastKnownFileType = sourcecode.c.h; path = Plan.h; sourceTree = "<group>"; };
		047D8C2418696AFD005AC5CF /* Plan.m */ = {isa = PBXFileReference; fileEncoding = 4; lastKnownFileType = sourcecode.c.objc; path = Plan.m; sourceTree = "<group>"; };
		047D8C26186AB48C005AC5CF /* Business.h */ = {isa = PBXFileReference; fileEncoding = 4; lastKnownFileType = sourcecode.c.h; path = Business.h; sourceTree = "<group>"; };
		047D8C27186AB48C005AC5CF /* Business.m */ = {isa = PBXFileReference; fileEncoding = 4; lastKnownFileType = sourcecode.c.objc; path = Business.m; sourceTree = "<group>"; };
		04993E601862CB9600EA54C4 /* AFHTTPRequestOperation.h */ = {isa = PBXFileReference; fileEncoding = 4; lastKnownFileType = sourcecode.c.h; path = AFHTTPRequestOperation.h; sourceTree = "<group>"; };
		04993E611862CB9600EA54C4 /* AFHTTPRequestOperation.m */ = {isa = PBXFileReference; fileEncoding = 4; lastKnownFileType = sourcecode.c.objc; path = AFHTTPRequestOperation.m; sourceTree = "<group>"; };
		04993E621862CB9600EA54C4 /* AFHTTPRequestOperationManager.h */ = {isa = PBXFileReference; fileEncoding = 4; lastKnownFileType = sourcecode.c.h; path = AFHTTPRequestOperationManager.h; sourceTree = "<group>"; };
		04993E631862CB9600EA54C4 /* AFHTTPRequestOperationManager.m */ = {isa = PBXFileReference; fileEncoding = 4; lastKnownFileType = sourcecode.c.objc; path = AFHTTPRequestOperationManager.m; sourceTree = "<group>"; };
		04993E641862CB9600EA54C4 /* AFHTTPSessionManager.h */ = {isa = PBXFileReference; fileEncoding = 4; lastKnownFileType = sourcecode.c.h; path = AFHTTPSessionManager.h; sourceTree = "<group>"; };
		04993E651862CB9600EA54C4 /* AFHTTPSessionManager.m */ = {isa = PBXFileReference; fileEncoding = 4; lastKnownFileType = sourcecode.c.objc; path = AFHTTPSessionManager.m; sourceTree = "<group>"; };
		04993E661862CB9600EA54C4 /* AFNetworking.h */ = {isa = PBXFileReference; fileEncoding = 4; lastKnownFileType = sourcecode.c.h; path = AFNetworking.h; sourceTree = "<group>"; };
		04993E671862CB9600EA54C4 /* AFNetworkReachabilityManager.h */ = {isa = PBXFileReference; fileEncoding = 4; lastKnownFileType = sourcecode.c.h; path = AFNetworkReachabilityManager.h; sourceTree = "<group>"; };
		04993E681862CB9600EA54C4 /* AFNetworkReachabilityManager.m */ = {isa = PBXFileReference; fileEncoding = 4; lastKnownFileType = sourcecode.c.objc; path = AFNetworkReachabilityManager.m; sourceTree = "<group>"; };
		04993E691862CB9600EA54C4 /* AFSecurityPolicy.h */ = {isa = PBXFileReference; fileEncoding = 4; lastKnownFileType = sourcecode.c.h; path = AFSecurityPolicy.h; sourceTree = "<group>"; };
		04993E6A1862CB9600EA54C4 /* AFSecurityPolicy.m */ = {isa = PBXFileReference; fileEncoding = 4; lastKnownFileType = sourcecode.c.objc; path = AFSecurityPolicy.m; sourceTree = "<group>"; };
		04993E6B1862CB9600EA54C4 /* AFURLConnectionOperation.h */ = {isa = PBXFileReference; fileEncoding = 4; lastKnownFileType = sourcecode.c.h; path = AFURLConnectionOperation.h; sourceTree = "<group>"; };
		04993E6C1862CB9600EA54C4 /* AFURLConnectionOperation.m */ = {isa = PBXFileReference; fileEncoding = 4; lastKnownFileType = sourcecode.c.objc; path = AFURLConnectionOperation.m; sourceTree = "<group>"; };
		04993E6D1862CB9600EA54C4 /* AFURLRequestSerialization.h */ = {isa = PBXFileReference; fileEncoding = 4; lastKnownFileType = sourcecode.c.h; path = AFURLRequestSerialization.h; sourceTree = "<group>"; };
		04993E6E1862CB9600EA54C4 /* AFURLRequestSerialization.m */ = {isa = PBXFileReference; fileEncoding = 4; lastKnownFileType = sourcecode.c.objc; path = AFURLRequestSerialization.m; sourceTree = "<group>"; };
		04993E6F1862CB9600EA54C4 /* AFURLResponseSerialization.h */ = {isa = PBXFileReference; fileEncoding = 4; lastKnownFileType = sourcecode.c.h; path = AFURLResponseSerialization.h; sourceTree = "<group>"; };
		04993E701862CB9600EA54C4 /* AFURLResponseSerialization.m */ = {isa = PBXFileReference; fileEncoding = 4; lastKnownFileType = sourcecode.c.objc; path = AFURLResponseSerialization.m; sourceTree = "<group>"; };
		04993E711862CB9600EA54C4 /* AFURLSessionManager.h */ = {isa = PBXFileReference; fileEncoding = 4; lastKnownFileType = sourcecode.c.h; path = AFURLSessionManager.h; sourceTree = "<group>"; };
		04993E721862CB9600EA54C4 /* AFURLSessionManager.m */ = {isa = PBXFileReference; fileEncoding = 4; lastKnownFileType = sourcecode.c.objc; path = AFURLSessionManager.m; sourceTree = "<group>"; };
		04993E841862CFEF00EA54C4 /* AppAPIClient.h */ = {isa = PBXFileReference; fileEncoding = 4; lastKnownFileType = sourcecode.c.h; path = AppAPIClient.h; sourceTree = "<group>"; };
		04993E851862CFEF00EA54C4 /* AppAPIClient.m */ = {isa = PBXFileReference; fileEncoding = 4; lastKnownFileType = sourcecode.c.objc; path = AppAPIClient.m; sourceTree = "<group>"; };
		04993E881862D4C100EA54C4 /* REXFocusImageItem.h */ = {isa = PBXFileReference; fileEncoding = 4; lastKnownFileType = sourcecode.c.h; path = REXFocusImageItem.h; sourceTree = "<group>"; };
		04993E891862D4C100EA54C4 /* REXFocusImageItem.m */ = {isa = PBXFileReference; fileEncoding = 4; lastKnownFileType = sourcecode.c.objc; path = REXFocusImageItem.m; sourceTree = "<group>"; };
		04993E8B1862D4E600EA54C4 /* REXFocusImageFrame.h */ = {isa = PBXFileReference; fileEncoding = 4; lastKnownFileType = sourcecode.c.h; path = REXFocusImageFrame.h; sourceTree = "<group>"; };
		04993E8C1862D4E600EA54C4 /* REXFocusImageFrame.m */ = {isa = PBXFileReference; fileEncoding = 4; lastKnownFileType = sourcecode.c.objc; path = REXFocusImageFrame.m; sourceTree = "<group>"; };
		04993E971862EF3400EA54C4 /* banner1@2x.png */ = {isa = PBXFileReference; lastKnownFileType = image.png; path = "banner1@2x.png"; sourceTree = "<group>"; };
		04993E981862EF3400EA54C4 /* banner2@2x.png */ = {isa = PBXFileReference; lastKnownFileType = image.png; path = "banner2@2x.png"; sourceTree = "<group>"; };
		04993E991862EF3400EA54C4 /* banner3@2x.png */ = {isa = PBXFileReference; lastKnownFileType = image.png; path = "banner3@2x.png"; sourceTree = "<group>"; };
		04993EB31863FA3500EA54C4 /* Commons.h */ = {isa = PBXFileReference; lastKnownFileType = sourcecode.c.h; path = Commons.h; sourceTree = "<group>"; };
		04993EB41863FB8F00EA54C4 /* MainViewController.h */ = {isa = PBXFileReference; fileEncoding = 4; lastKnownFileType = sourcecode.c.h; path = MainViewController.h; sourceTree = "<group>"; };
		04993EB51863FB8F00EA54C4 /* MainViewController.m */ = {isa = PBXFileReference; fileEncoding = 4; lastKnownFileType = sourcecode.c.objc; path = MainViewController.m; sourceTree = "<group>"; };
		04993EB81864112300EA54C4 /* SearchIcon@2x.png */ = {isa = PBXFileReference; lastKnownFileType = image.png; path = "SearchIcon@2x.png"; sourceTree = "<group>"; };
		04993EB91864112300EA54C4 /* SetIcon@2x.png */ = {isa = PBXFileReference; lastKnownFileType = image.png; path = "SetIcon@2x.png"; sourceTree = "<group>"; };
		04993EBC1864112A00EA54C4 /* HomeIcon@2x.png */ = {isa = PBXFileReference; lastKnownFileType = image.png; path = "HomeIcon@2x.png"; sourceTree = "<group>"; };
		04993EC1186411D700EA54C4 /* SearchViewController.h */ = {isa = PBXFileReference; fileEncoding = 4; lastKnownFileType = sourcecode.c.h; path = SearchViewController.h; sourceTree = "<group>"; };
		04993EC2186411D700EA54C4 /* SearchViewController.m */ = {isa = PBXFileReference; fileEncoding = 4; lastKnownFileType = sourcecode.c.objc; path = SearchViewController.m; sourceTree = "<group>"; };
		04993EC4186411E200EA54C4 /* SetViewController.h */ = {isa = PBXFileReference; fileEncoding = 4; lastKnownFileType = sourcecode.c.h; path = SetViewController.h; sourceTree = "<group>"; };
		04993EC5186411E200EA54C4 /* SetViewController.m */ = {isa = PBXFileReference; fileEncoding = 4; lastKnownFileType = sourcecode.c.objc; path = SetViewController.m; sourceTree = "<group>"; };
		04993EC718641C6D00EA54C4 /* CollectionPlanView.h */ = {isa = PBXFileReference; fileEncoding = 4; lastKnownFileType = sourcecode.c.h; path = CollectionPlanView.h; sourceTree = "<group>"; };
		04993EC818641C6D00EA54C4 /* CollectionPlanView.m */ = {isa = PBXFileReference; fileEncoding = 4; lastKnownFileType = sourcecode.c.objc; path = CollectionPlanView.m; sourceTree = "<group>"; };
		04993ECD186427CA00EA54C4 /* Collection.h */ = {isa = PBXFileReference; fileEncoding = 4; lastKnownFileType = sourcecode.c.h; path = Collection.h; sourceTree = "<group>"; };
		04993ECE186427CA00EA54C4 /* Collection.m */ = {isa = PBXFileReference; fileEncoding = 4; lastKnownFileType = sourcecode.c.objc; path = Collection.m; sourceTree = "<group>"; };
		04993ED21864294200EA54C4 /* fengJing@2x.png */ = {isa = PBXFileReference; lastKnownFileType = image.png; path = "fengJing@2x.png"; sourceTree = "<group>"; };
		04993ED31864294200EA54C4 /* jinYeBuMian@2x.png */ = {isa = PBXFileReference; lastKnownFileType = image.png; path = "jinYeBuMian@2x.png"; sourceTree = "<group>"; };
		04993ED41864294200EA54C4 /* juHui@2x.png */ = {isa = PBXFileReference; lastKnownFileType = image.png; path = "juHui@2x.png"; sourceTree = "<group>"; };
		04993ED51864294200EA54C4 /* maiZui@2x.png */ = {isa = PBXFileReference; lastKnownFileType = image.png; path = "maiZui@2x.png"; sourceTree = "<group>"; };
		04993ED61864294200EA54C4 /* qinLvYueHui@2x.png */ = {isa = PBXFileReference; lastKnownFileType = image.png; path = "qinLvYueHui@2x.png"; sourceTree = "<group>"; };
		04993ED71864294200EA54C4 /* qinZi@2x.png */ = {isa = PBXFileReference; lastKnownFileType = image.png; path = "qinZi@2x.png"; sourceTree = "<group>"; };
		04993ED81864294200EA54C4 /* qita@2x.png */ = {isa = PBXFileReference; lastKnownFileType = image.png; path = "qita@2x.png"; sourceTree = "<group>"; };
		04993ED91864294200EA54C4 /* xiaoQinXin@2x.png */ = {isa = PBXFileReference; lastKnownFileType = image.png; path = "xiaoQinXin@2x.png"; sourceTree = "<group>"; };
		04993EDA1864294200EA54C4 /* yiGeRen@2x.png */ = {isa = PBXFileReference; lastKnownFileType = image.png; path = "yiGeRen@2x.png"; sourceTree = "<group>"; };
		04A5B36A187159390037E29A /* PlanDetailViewController.h */ = {isa = PBXFileReference; fileEncoding = 4; lastKnownFileType = sourcecode.c.h; path = PlanDetailViewController.h; sourceTree = "<group>"; };
		04A5B36B187159390037E29A /* PlanDetailViewController.m */ = {isa = PBXFileReference; fileEncoding = 4; lastKnownFileType = sourcecode.c.objc; path = PlanDetailViewController.m; sourceTree = "<group>"; };
		04A5B36E18716BAE0037E29A /* UserLoginViewController.h */ = {isa = PBXFileReference; fileEncoding = 4; lastKnownFileType = sourcecode.c.h; path = UserLoginViewController.h; sourceTree = "<group>"; };
		04A5B36F18716BAE0037E29A /* UserLoginViewController.m */ = {isa = PBXFileReference; fileEncoding = 4; lastKnownFileType = sourcecode.c.objc; path = UserLoginViewController.m; sourceTree = "<group>"; };
		04A5B37118716BD00037E29A /* UserRegisterViewController.h */ = {isa = PBXFileReference; fileEncoding = 4; lastKnownFileType = sourcecode.c.h; path = UserRegisterViewController.h; sourceTree = "<group>"; };
		04A5B37218716BD00037E29A /* UserRegisterViewController.m */ = {isa = PBXFileReference; fileEncoding = 4; lastKnownFileType = sourcecode.c.objc; path = UserRegisterViewController.m; sourceTree = "<group>"; };
		04A5B37418716BF20037E29A /* User.h */ = {isa = PBXFileReference; fileEncoding = 4; lastKnownFileType = sourcecode.c.h; path = User.h; sourceTree = "<group>"; };
		04A5B37518716BF20037E29A /* User.m */ = {isa = PBXFileReference; fileEncoding = 4; lastKnownFileType = sourcecode.c.objc; path = User.m; sourceTree = "<group>"; };
		04A5B3921872AD8B0037E29A /* PlanCell.h */ = {isa = PBXFileReference; fileEncoding = 4; lastKnownFileType = sourcecode.c.h; path = PlanCell.h; sourceTree = "<group>"; };
		04A5B3931872AD8B0037E29A /* PlanCell.m */ = {isa = PBXFileReference; fileEncoding = 4; lastKnownFileType = sourcecode.c.objc; path = PlanCell.m; sourceTree = "<group>"; };
		04A5B39618754BEE0037E29A /* AFNetworkActivityIndicatorManager.h */ = {isa = PBXFileReference; fileEncoding = 4; lastKnownFileType = sourcecode.c.h; path = AFNetworkActivityIndicatorManager.h; sourceTree = "<group>"; };
		04A5B39718754BEE0037E29A /* AFNetworkActivityIndicatorManager.m */ = {isa = PBXFileReference; fileEncoding = 4; lastKnownFileType = sourcecode.c.objc; path = AFNetworkActivityIndicatorManager.m; sourceTree = "<group>"; };
		04A5B39818754BEE0037E29A /* UIActivityIndicatorView+AFNetworking.h */ = {isa = PBXFileReference; fileEncoding = 4; lastKnownFileType = sourcecode.c.h; path = "UIActivityIndicatorView+AFNetworking.h"; sourceTree = "<group>"; };
		04A5B39918754BEE0037E29A /* UIActivityIndicatorView+AFNetworking.m */ = {isa = PBXFileReference; fileEncoding = 4; lastKnownFileType = sourcecode.c.objc; path = "UIActivityIndicatorView+AFNetworking.m"; sourceTree = "<group>"; };
		04A5B39A18754BEE0037E29A /* UIAlertView+AFNetworking.h */ = {isa = PBXFileReference; fileEncoding = 4; lastKnownFileType = sourcecode.c.h; path = "UIAlertView+AFNetworking.h"; sourceTree = "<group>"; };
		04A5B39B18754BEE0037E29A /* UIAlertView+AFNetworking.m */ = {isa = PBXFileReference; fileEncoding = 4; lastKnownFileType = sourcecode.c.objc; path = "UIAlertView+AFNetworking.m"; sourceTree = "<group>"; };
		04A5B39C18754BEE0037E29A /* UIButton+AFNetworking.h */ = {isa = PBXFileReference; fileEncoding = 4; lastKnownFileType = sourcecode.c.h; path = "UIButton+AFNetworking.h"; sourceTree = "<group>"; };
		04A5B39D18754BEE0037E29A /* UIButton+AFNetworking.m */ = {isa = PBXFileReference; fileEncoding = 4; lastKnownFileType = sourcecode.c.objc; path = "UIButton+AFNetworking.m"; sourceTree = "<group>"; };
		04A5B39E18754BEE0037E29A /* UIImageView+AFNetworking.h */ = {isa = PBXFileReference; fileEncoding = 4; lastKnownFileType = sourcecode.c.h; path = "UIImageView+AFNetworking.h"; sourceTree = "<group>"; };
		04A5B39F18754BEE0037E29A /* UIImageView+AFNetworking.m */ = {isa = PBXFileReference; fileEncoding = 4; lastKnownFileType = sourcecode.c.objc; path = "UIImageView+AFNetworking.m"; sourceTree = "<group>"; };
		04A5B3A018754BEE0037E29A /* UIKit+AFNetworking.h */ = {isa = PBXFileReference; fileEncoding = 4; lastKnownFileType = sourcecode.c.h; path = "UIKit+AFNetworking.h"; sourceTree = "<group>"; };
		04A5B3A118754BEE0037E29A /* UIProgressView+AFNetworking.h */ = {isa = PBXFileReference; fileEncoding = 4; lastKnownFileType = sourcecode.c.h; path = "UIProgressView+AFNetworking.h"; sourceTree = "<group>"; };
		04A5B3A218754BEE0037E29A /* UIProgressView+AFNetworking.m */ = {isa = PBXFileReference; fileEncoding = 4; lastKnownFileType = sourcecode.c.objc; path = "UIProgressView+AFNetworking.m"; sourceTree = "<group>"; };
		04A5B3A318754BEE0037E29A /* UIWebView+AFNetworking.h */ = {isa = PBXFileReference; fileEncoding = 4; lastKnownFileType = sourcecode.c.h; path = "UIWebView+AFNetworking.h"; sourceTree = "<group>"; };
		04A5B3A418754BEE0037E29A /* UIWebView+AFNetworking.m */ = {isa = PBXFileReference; fileEncoding = 4; lastKnownFileType = sourcecode.c.objc; path = "UIWebView+AFNetworking.m"; sourceTree = "<group>"; };
		04A5B3AD18754E030037E29A /* dengLu@2x.png */ = {isa = PBXFileReference; lastKnownFileType = image.png; path = "dengLu@2x.png"; sourceTree = "<group>"; };
		04A5B3AE18754E030037E29A /* DengLuZhuCe@2x.png */ = {isa = PBXFileReference; lastKnownFileType = image.png; path = "DengLuZhuCe@2x.png"; sourceTree = "<group>"; };
		04A5B3AF18754E030037E29A /* dengRuBg@2x.png */ = {isa = PBXFileReference; lastKnownFileType = image.png; path = "dengRuBg@2x.png"; sourceTree = "<group>"; };
		04A5B3B018754E030037E29A /* queRen@2x.png */ = {isa = PBXFileReference; lastKnownFileType = image.png; path = "queRen@2x.png"; sourceTree = "<group>"; };
		04A5B3B118754E030037E29A /* touXiang@2x.png */ = {isa = PBXFileReference; lastKnownFileType = image.png; path = "touXiang@2x.png"; sourceTree = "<group>"; };
		04A5B3B218754E030037E29A /* WeiBoDengru@2x.png */ = {isa = PBXFileReference; lastKnownFileType = image.png; path = "WeiBoDengru@2x.png"; sourceTree = "<group>"; };
		04A5B3B318754E030037E29A /* zhuCe@2x.png */ = {isa = PBXFileReference; lastKnownFileType = image.png; path = "zhuCe@2x.png"; sourceTree = "<group>"; };
		04A5B3BC18765ED70037E29A /* Constants.h */ = {isa = PBXFileReference; fileEncoding = 4; lastKnownFileType = sourcecode.c.h; path = Constants.h; sourceTree = "<group>"; };
		04A5B3BD18765ED70037E29A /* NSMutableArray+SWUtilityButtons.h */ = {isa = PBXFileReference; fileEncoding = 4; lastKnownFileType = sourcecode.c.h; path = "NSMutableArray+SWUtilityButtons.h"; sourceTree = "<group>"; };
		04A5B3BE18765ED70037E29A /* NSMutableArray+SWUtilityButtons.m */ = {isa = PBXFileReference; fileEncoding = 4; lastKnownFileType = sourcecode.c.objc; path = "NSMutableArray+SWUtilityButtons.m"; sourceTree = "<group>"; };
		04A5B3BF18765ED70037E29A /* SWCellScrollView.h */ = {isa = PBXFileReference; fileEncoding = 4; lastKnownFileType = sourcecode.c.h; path = SWCellScrollView.h; sourceTree = "<group>"; };
		04A5B3C018765ED70037E29A /* SWCellScrollView.m */ = {isa = PBXFileReference; fileEncoding = 4; lastKnownFileType = sourcecode.c.objc; path = SWCellScrollView.m; sourceTree = "<group>"; };
		04A5B3C118765ED70037E29A /* SWLongPressGestureRecognizer.h */ = {isa = PBXFileReference; fileEncoding = 4; lastKnownFileType = sourcecode.c.h; path = SWLongPressGestureRecognizer.h; sourceTree = "<group>"; };
		04A5B3C218765ED70037E29A /* SWLongPressGestureRecognizer.m */ = {isa = PBXFileReference; fileEncoding = 4; lastKnownFileType = sourcecode.c.objc; path = SWLongPressGestureRecognizer.m; sourceTree = "<group>"; };
		04A5B3C318765ED70037E29A /* SWTableViewCell.h */ = {isa = PBXFileReference; fileEncoding = 4; lastKnownFileType = sourcecode.c.h; path = SWTableViewCell.h; sourceTree = "<group>"; };
		04A5B3C418765ED70037E29A /* SWTableViewCell.m */ = {isa = PBXFileReference; fileEncoding = 4; lastKnownFileType = sourcecode.c.objc; path = SWTableViewCell.m; sourceTree = "<group>"; };
		04A5B3C518765ED70037E29A /* SWUtilityButtonTapGestureRecognizer.h */ = {isa = PBXFileReference; fileEncoding = 4; lastKnownFileType = sourcecode.c.h; path = SWUtilityButtonTapGestureRecognizer.h; sourceTree = "<group>"; };
		04A5B3C618765ED70037E29A /* SWUtilityButtonTapGestureRecognizer.m */ = {isa = PBXFileReference; fileEncoding = 4; lastKnownFileType = sourcecode.c.objc; path = SWUtilityButtonTapGestureRecognizer.m; sourceTree = "<group>"; };
		04A5B3C718765ED70037E29A /* SWUtilityButtonView.h */ = {isa = PBXFileReference; fileEncoding = 4; lastKnownFileType = sourcecode.c.h; path = SWUtilityButtonView.h; sourceTree = "<group>"; };
		04A5B3C818765ED70037E29A /* SWUtilityButtonView.m */ = {isa = PBXFileReference; fileEncoding = 4; lastKnownFileType = sourcecode.c.objc; path = SWUtilityButtonView.m; sourceTree = "<group>"; };
		04A5B3CF18768D360037E29A /* REXJSONResponseSerializerWithData.h */ = {isa = PBXFileReference; fileEncoding = 4; lastKnownFileType = sourcecode.c.h; path = REXJSONResponseSerializerWithData.h; sourceTree = "<group>"; };
		04A5B3D018768D360037E29A /* REXJSONResponseSerializerWithData.m */ = {isa = PBXFileReference; fileEncoding = 4; lastKnownFileType = sourcecode.c.objc; path = REXJSONResponseSerializerWithData.m; sourceTree = "<group>"; };
		04C2B1061876B48300A22734 /* CollectionSearchView.h */ = {isa = PBXFileReference; fileEncoding = 4; lastKnownFileType = sourcecode.c.h; path = CollectionSearchView.h; sourceTree = "<group>"; };
		04C2B1071876B48300A22734 /* CollectionSearchView.m */ = {isa = PBXFileReference; fileEncoding = 4; lastKnownFileType = sourcecode.c.objc; path = CollectionSearchView.m; sourceTree = "<group>"; };
		04C2B10B1876B50700A22734 /* slider-default-handle-highlighted.png */ = {isa = PBXFileReference; lastKnownFileType = image.png; path = "slider-default-handle-highlighted.png"; sourceTree = "<group>"; };
		04C2B10C1876B50700A22734 /* slider-default-handle-highlighted@2x.png */ = {isa = PBXFileReference; lastKnownFileType = image.png; path = "slider-default-handle-highlighted@2x.png"; sourceTree = "<group>"; };
		04C2B10D1876B50700A22734 /* slider-default-handle.png */ = {isa = PBXFileReference; lastKnownFileType = image.png; path = "slider-default-handle.png"; sourceTree = "<group>"; };
		04C2B10E1876B50700A22734 /* slider-default-handle@2x.png */ = {isa = PBXFileReference; lastKnownFileType = image.png; path = "slider-default-handle@2x.png"; sourceTree = "<group>"; };
		04C2B10F1876B50700A22734 /* slider-default-track.png */ = {isa = PBXFileReference; lastKnownFileType = image.png; path = "slider-default-track.png"; sourceTree = "<group>"; };
		04C2B1101876B50700A22734 /* slider-default-track@2x.png */ = {isa = PBXFileReference; lastKnownFileType = image.png; path = "slider-default-track@2x.png"; sourceTree = "<group>"; };
		04C2B1111876B50700A22734 /* slider-default-trackBackground.png */ = {isa = PBXFileReference; lastKnownFileType = image.png; path = "slider-default-trackBackground.png"; sourceTree = "<group>"; };
		04C2B1121876B50700A22734 /* slider-default_trackBackground@2x.png */ = {isa = PBXFileReference; lastKnownFileType = image.png; path = "slider-default_trackBackground@2x.png"; sourceTree = "<group>"; };
		04C2B1141876B50800A22734 /* slider-metal-handle-highlighted.png */ = {isa = PBXFileReference; lastKnownFileType = image.png; path = "slider-metal-handle-highlighted.png"; sourceTree = "<group>"; };
		04C2B1151876B50800A22734 /* slider-metal-handle-highlighted@2x.png */ = {isa = PBXFileReference; lastKnownFileType = image.png; path = "slider-metal-handle-highlighted@2x.png"; sourceTree = "<group>"; };
		04C2B1161876B50800A22734 /* slider-metal-handle.png */ = {isa = PBXFileReference; lastKnownFileType = image.png; path = "slider-metal-handle.png"; sourceTree = "<group>"; };
		04C2B1171876B50800A22734 /* slider-metal-handle@2x.png */ = {isa = PBXFileReference; lastKnownFileType = image.png; path = "slider-metal-handle@2x.png"; sourceTree = "<group>"; };
		04C2B1181876B50800A22734 /* slider-metal-track.png */ = {isa = PBXFileReference; lastKnownFileType = image.png; path = "slider-metal-track.png"; sourceTree = "<group>"; };
		04C2B1191876B50800A22734 /* slider-metal-track@2x.png */ = {isa = PBXFileReference; lastKnownFileType = image.png; path = "slider-metal-track@2x.png"; sourceTree = "<group>"; };
		04C2B11A1876B50800A22734 /* slider-metal-trackBackground.png */ = {isa = PBXFileReference; lastKnownFileType = image.png; path = "slider-metal-trackBackground.png"; sourceTree = "<group>"; };
		04C2B11B1876B50800A22734 /* slider-metal-trackBackground@2x.png */ = {isa = PBXFileReference; lastKnownFileType = image.png; path = "slider-metal-trackBackground@2x.png"; sourceTree = "<group>"; };
		04C2B11C1876B50800A22734 /* NMRangeSlider.h */ = {isa = PBXFileReference; fileEncoding = 4; lastKnownFileType = sourcecode.c.h; path = NMRangeSlider.h; sourceTree = "<group>"; };
		04C2B11D1876B50800A22734 /* NMRangeSlider.m */ = {isa = PBXFileReference; fileEncoding = 4; lastKnownFileType = sourcecode.c.objc; path = NMRangeSlider.m; sourceTree = "<group>"; };
		04C2B1311876B6C800A22734 /* quanBuTeSe@2x.png */ = {isa = PBXFileReference; lastKnownFileType = image.png; path = "quanBuTeSe@2x.png"; sourceTree = "<group>"; };
		04C2B1321876B6C800A22734 /* queDing@2x.png */ = {isa = PBXFileReference; lastKnownFileType = image.png; path = "queDing@2x.png"; sourceTree = "<group>"; };
		04C2B1331876B6C800A22734 /* tuoYuanKuang@2x.png */ = {isa = PBXFileReference; lastKnownFileType = image.png; path = "tuoYuanKuang@2x.png"; sourceTree = "<group>"; };
		04C2B1341876B6C800A22734 /* tuoYuanKuangCheng@2x.png */ = {isa = PBXFileReference; lastKnownFileType = image.png; path = "tuoYuanKuangCheng@2x.png"; sourceTree = "<group>"; };
		04C2B1351876B6C800A22734 /* yuan@2x.png */ = {isa = PBXFileReference; lastKnownFileType = image.png; path = "yuan@2x.png"; sourceTree = "<group>"; };
		04CF9498186D7D3D00440CB0 /* Recommend.h */ = {isa = PBXFileReference; fileEncoding = 4; lastKnownFileType = sourcecode.c.h; path = Recommend.h; sourceTree = "<group>"; };
		04CF9499186D7D3D00440CB0 /* Recommend.m */ = {isa = PBXFileReference; fileEncoding = 4; lastKnownFileType = sourcecode.c.objc; path = Recommend.m; sourceTree = "<group>"; };
		04CF949B186D869700440CB0 /* PlanListViewController.h */ = {isa = PBXFileReference; fileEncoding = 4; lastKnownFileType = sourcecode.c.h; path = PlanListViewController.h; sourceTree = "<group>"; };
		04CF949C186D869700440CB0 /* PlanListViewController.m */ = {isa = PBXFileReference; fileEncoding = 4; lastKnownFileType = sourcecode.c.objc; path = PlanListViewController.m; sourceTree = "<group>"; };
		D5640B87187BE0C400D85342 /* Error.h */ = {isa = PBXFileReference; fileEncoding = 4; lastKnownFileType = sourcecode.c.h; path = Error.h; sourceTree = "<group>"; };
		D5640B88187BE0C400D85342 /* Error.m */ = {isa = PBXFileReference; fileEncoding = 4; lastKnownFileType = sourcecode.c.objc; path = Error.m; sourceTree = "<group>"; };
		D5640B8B187BE0D800D85342 /* libSinaWeiboSDK.a */ = {isa = PBXFileReference; lastKnownFileType = archive.ar; path = libSinaWeiboSDK.a; sourceTree = "<group>"; };
		D5640B8C187BE0D800D85342 /* WeiboSDK.bundle */ = {isa = PBXFileReference; lastKnownFileType = "wrapper.plug-in"; path = WeiboSDK.bundle; sourceTree = "<group>"; };
		D5640B8D187BE0D800D85342 /* WeiboSDK.h */ = {isa = PBXFileReference; fileEncoding = 4; lastKnownFileType = sourcecode.c.h; path = WeiboSDK.h; sourceTree = "<group>"; };
		D5640B8F187BE0F300D85342 /* UserViewController.h */ = {isa = PBXFileReference; fileEncoding = 4; lastKnownFileType = sourcecode.c.h; path = UserViewController.h; sourceTree = "<group>"; };
		D5640B90187BE0F300D85342 /* UserViewController.m */ = {isa = PBXFileReference; fileEncoding = 4; lastKnownFileType = sourcecode.c.objc; path = UserViewController.m; sourceTree = "<group>"; };
		DFE4F416187F8C9C00676D40 /* quanBuDiQu@2x.png */ = {isa = PBXFileReference; lastKnownFileType = image.png; path = "quanBuDiQu@2x.png"; sourceTree = "<group>"; };
		DFE4F418187F8CBD00676D40 /* baiKuang@2x.png */ = {isa = PBXFileReference; lastKnownFileType = image.png; path = "baiKuang@2x.png"; sourceTree = "<group>"; };
		DFE633F0188774D600B63EA2 /* AllCharacteristicController.h */ = {isa = PBXFileReference; fileEncoding = 4; lastKnownFileType = sourcecode.c.h; path = AllCharacteristicController.h; sourceTree = "<group>"; };
		DFE633F1188774D600B63EA2 /* AllCharacteristicController.m */ = {isa = PBXFileReference; fileEncoding = 4; lastKnownFileType = sourcecode.c.objc; path = AllCharacteristicController.m; sourceTree = "<group>"; };
		DFE8F22D187BE23F0090C46C /* fenXiangGuoDe@2x.png */ = {isa = PBXFileReference; lastKnownFileType = image.png; path = "fenXiangGuoDe@2x.png"; sourceTree = "<group>"; };
		DFE8F22E187BE23F0090C46C /* maShangDengRu@2x.png */ = {isa = PBXFileReference; lastKnownFileType = image.png; path = "maShangDengRu@2x.png"; sourceTree = "<group>"; };
		DFE8F22F187BE23F0090C46C /* shouCang@2x.png */ = {isa = PBXFileReference; lastKnownFileType = image.png; path = "shouCang@2x.png"; sourceTree = "<group>"; };
		DFE8F230187BE23F0090C46C /* tuPian@2x.png */ = {isa = PBXFileReference; lastKnownFileType = image.png; path = "tuPian@2x.png"; sourceTree = "<group>"; };
		DFE8F23D187BEADC0090C46C /* AllRegionsController.m */ = {isa = PBXFileReference; fileEncoding = 4; lastKnownFileType = sourcecode.c.objc; path = AllRegionsController.m; sourceTree = "<group>"; };
		DFE8F23E187BEADC0090C46C /* AllRegionsController.h */ = {isa = PBXFileReference; fileEncoding = 4; lastKnownFileType = sourcecode.c.h; path = AllRegionsController.h; sourceTree = "<group>"; };
		DFE8F243187E5A150090C46C /* Regions.h */ = {isa = PBXFileReference; fileEncoding = 4; lastKnownFileType = sourcecode.c.h; path = Regions.h; sourceTree = "<group>"; };
		DFE8F244187E5A150090C46C /* Regions.m */ = {isa = PBXFileReference; fileEncoding = 4; lastKnownFileType = sourcecode.c.objc; path = Regions.m; sourceTree = "<group>"; };
		DFEB73AB1883E0A8005B0CB0 /* QuartzCore.framework */ = {isa = PBXFileReference; lastKnownFileType = wrapper.framework; path = QuartzCore.framework; sourceTree = "<group>"; };
/* End PBXFileReference section */

/* Begin PBXFrameworksBuildPhase section */
		04081197184F04300046603E /* Frameworks */ = {
			isa = PBXFrameworksBuildPhase;
			buildActionMask = 2147483647;
			files = (
				0408119C184F04300046603E /* XCTest.framework in Frameworks */,
				0408119E184F04300046603E /* UIKit.framework in Frameworks */,
				0408119D184F04300046603E /* Foundation.framework in Frameworks */,
			);
			runOnlyForDeploymentPostprocessing = 0;
		};
/* End PBXFrameworksBuildPhase section */

/* Begin PBXGroup section */
		04081176184F04300046603E = {
			isa = PBXGroup;
			children = (
				04081188184F04300046603E /* 008 */,
				040811A1184F04300046603E /* 008Tests */,
				04081181184F04300046603E /* Frameworks */,
				04081180184F04300046603E /* Products */,
			);
			sourceTree = "<group>";
		};
		04081180184F04300046603E /* Products */ = {
			isa = PBXGroup;
			children = (
				0408117F184F04300046603E /* 008.app */,
				0408119A184F04300046603E /* 008Tests.xctest */,
			);
			name = Products;
			sourceTree = "<group>";
		};
		04081181184F04300046603E /* Frameworks */ = {
			isa = PBXGroup;
			children = (
				DFEB73AB1883E0A8005B0CB0 /* QuartzCore.framework */,
				04081182184F04300046603E /* Foundation.framework */,
				04081184184F04300046603E /* CoreGraphics.framework */,
				04081186184F04300046603E /* UIKit.framework */,
				0408119B184F04300046603E /* XCTest.framework */,
			);
			name = Frameworks;
			sourceTree = "<group>";
		};
		04081188184F04300046603E /* 008 */ = {
			isa = PBXGroup;
			children = (
				04993E8E1862EC2E00EA54C4 /* Images */,
				04993E831862CFDF00EA54C4 /* Classes */,
				04993E5E1862CB0900EA54C4 /* ThirdParty */,
				040811B4184F05A10046603E /* Views */,
				040811B3184F05950046603E /* Models */,
				040811B2184F05880046603E /* Controllers */,
				04081191184F04300046603E /* AppDelegate.h */,
				04081192184F04300046603E /* AppDelegate.m */,
				04081194184F04300046603E /* Images.xcassets */,
				04081189184F04300046603E /* Supporting Files */,
			);
			path = 008;
			sourceTree = "<group>";
		};
		04081189184F04300046603E /* Supporting Files */ = {
			isa = PBXGroup;
			children = (
				0408118A184F04300046603E /* 008-Info.plist */,
				0408118B184F04300046603E /* InfoPlist.strings */,
				0408118E184F04300046603E /* main.m */,
				04081190184F04300046603E /* 008-Prefix.pch */,
			);
			name = "Supporting Files";
			sourceTree = "<group>";
		};
		040811A1184F04300046603E /* 008Tests */ = {
			isa = PBXGroup;
			children = (
				040811A7184F04300046603E /* _08Tests.m */,
				040811A2184F04300046603E /* Supporting Files */,
			);
			path = 008Tests;
			sourceTree = "<group>";
		};
		040811A2184F04300046603E /* Supporting Files */ = {
			isa = PBXGroup;
			children = (
				040811A3184F04300046603E /* 008Tests-Info.plist */,
				040811A4184F04300046603E /* InfoPlist.strings */,
			);
			name = "Supporting Files";
			sourceTree = "<group>";
		};
		040811B2184F05880046603E /* Controllers */ = {
			isa = PBXGroup;
			children = (
				DFE633EF1887749A00B63EA2 /* AllCharacteristicController */,
				DFE8F23C187BEA150090C46C /* AllRegionsController */,
				04A5B36D18716B9F0037E29A /* UserViewContrllers */,
				04993EC0186411C400EA54C4 /* SetViewControllers */,
				04993EBF186411B800EA54C4 /* SearchViewControllers */,
				04993EBE186411A400EA54C4 /* HomeVIewControllers */,
				040811B5184F06500046603E /* MainViewController */,
			);
			path = Controllers;
			sourceTree = "<group>";
		};
		040811B3184F05950046603E /* Models */ = {
			isa = PBXGroup;
			children = (
				D5640B87187BE0C400D85342 /* Error.h */,
				D5640B88187BE0C400D85342 /* Error.m */,
				04993ECD186427CA00EA54C4 /* Collection.h */,
				04993ECE186427CA00EA54C4 /* Collection.m */,
				047D8C2318696AFD005AC5CF /* Plan.h */,
				047D8C2418696AFD005AC5CF /* Plan.m */,
				047D8C26186AB48C005AC5CF /* Business.h */,
				047D8C27186AB48C005AC5CF /* Business.m */,
				04CF9498186D7D3D00440CB0 /* Recommend.h */,
				04CF9499186D7D3D00440CB0 /* Recommend.m */,
				04A5B37418716BF20037E29A /* User.h */,
				04A5B37518716BF20037E29A /* User.m */,
				DFE8F243187E5A150090C46C /* Regions.h */,
				DFE8F244187E5A150090C46C /* Regions.m */,
			);
			path = Models;
			sourceTree = "<group>";
		};
		040811B4184F05A10046603E /* Views */ = {
			isa = PBXGroup;
			children = (
				04C2B1061876B48300A22734 /* CollectionSearchView.h */,
				04C2B1071876B48300A22734 /* CollectionSearchView.m */,
				04993EC718641C6D00EA54C4 /* CollectionPlanView.h */,
				04993EC818641C6D00EA54C4 /* CollectionPlanView.m */,
				04A5B3921872AD8B0037E29A /* PlanCell.h */,
				04A5B3931872AD8B0037E29A /* PlanCell.m */,
				046BF5BD187AADB7003B5E0C /* PlanDetailCell.h */,
				046BF5BE187AADB7003B5E0C /* PlanDetailCell.m */,
			);
			path = Views;
			sourceTree = "<group>";
		};
		040811B5184F06500046603E /* MainViewController */ = {
			isa = PBXGroup;
			children = (
				04993EB41863FB8F00EA54C4 /* MainViewController.h */,
				04993EB51863FB8F00EA54C4 /* MainViewController.m */,
				04766EC2187E573400F18184 /* FarmeViewController.h */,
				04766EC3187E573400F18184 /* FarmeViewController.m */,
			);
			path = MainViewController;
			sourceTree = "<group>";
		};
		046BF5B9187A57A6003B5E0C /* MBProgressHUD */ = {
			isa = PBXGroup;
			children = (
				046BF5BA187A57A6003B5E0C /* MBProgressHUD.h */,
				046BF5BB187A57A6003B5E0C /* MBProgressHUD.m */,
			);
			path = MBProgressHUD;
			sourceTree = "<group>";
		};
		04993E5E1862CB0900EA54C4 /* ThirdParty */ = {
			isa = PBXGroup;
			children = (
				D5640B8A187BE0D800D85342 /* SinaWeiboSDK */,
				046BF5B9187A57A6003B5E0C /* MBProgressHUD */,
				04C2B1091876B50700A22734 /* NMRangeSlider */,
				04A5B3BB18765ED70037E29A /* SWPodFiles */,
				04993E5F1862CB9600EA54C4 /* AFNetworking */,
			);
			path = ThirdParty;
			sourceTree = "<group>";
		};
		04993E5F1862CB9600EA54C4 /* AFNetworking */ = {
			isa = PBXGroup;
			children = (
				04A5B39518754BEE0037E29A /* UIKit+AFNetworking */,
				04993E601862CB9600EA54C4 /* AFHTTPRequestOperation.h */,
				04993E611862CB9600EA54C4 /* AFHTTPRequestOperation.m */,
				04993E621862CB9600EA54C4 /* AFHTTPRequestOperationManager.h */,
				04993E631862CB9600EA54C4 /* AFHTTPRequestOperationManager.m */,
				04993E641862CB9600EA54C4 /* AFHTTPSessionManager.h */,
				04993E651862CB9600EA54C4 /* AFHTTPSessionManager.m */,
				04993E661862CB9600EA54C4 /* AFNetworking.h */,
				04993E671862CB9600EA54C4 /* AFNetworkReachabilityManager.h */,
				04993E681862CB9600EA54C4 /* AFNetworkReachabilityManager.m */,
				04993E691862CB9600EA54C4 /* AFSecurityPolicy.h */,
				04993E6A1862CB9600EA54C4 /* AFSecurityPolicy.m */,
				04993E6B1862CB9600EA54C4 /* AFURLConnectionOperation.h */,
				04993E6C1862CB9600EA54C4 /* AFURLConnectionOperation.m */,
				04993E6D1862CB9600EA54C4 /* AFURLRequestSerialization.h */,
				04993E6E1862CB9600EA54C4 /* AFURLRequestSerialization.m */,
				04993E6F1862CB9600EA54C4 /* AFURLResponseSerialization.h */,
				04993E701862CB9600EA54C4 /* AFURLResponseSerialization.m */,
				04993E711862CB9600EA54C4 /* AFURLSessionManager.h */,
				04993E721862CB9600EA54C4 /* AFURLSessionManager.m */,
			);
			path = AFNetworking;
			sourceTree = "<group>";
		};
		04993E831862CFDF00EA54C4 /* Classes */ = {
			isa = PBXGroup;
			children = (
				04993E871862D4A100EA54C4 /* REXFocus */,
				04993E841862CFEF00EA54C4 /* AppAPIClient.h */,
				04993E851862CFEF00EA54C4 /* AppAPIClient.m */,
				04993EB31863FA3500EA54C4 /* Commons.h */,
				04A5B3CF18768D360037E29A /* REXJSONResponseSerializerWithData.h */,
				04A5B3D018768D360037E29A /* REXJSONResponseSerializerWithData.m */,
			);
			path = Classes;
			sourceTree = "<group>";
		};
		04993E871862D4A100EA54C4 /* REXFocus */ = {
			isa = PBXGroup;
			children = (
				04993E881862D4C100EA54C4 /* REXFocusImageItem.h */,
				04993E891862D4C100EA54C4 /* REXFocusImageItem.m */,
				04993E8B1862D4E600EA54C4 /* REXFocusImageFrame.h */,
				04993E8C1862D4E600EA54C4 /* REXFocusImageFrame.m */,
			);
			path = REXFocus;
			sourceTree = "<group>";
		};
		04993E8E1862EC2E00EA54C4 /* Images */ = {
			isa = PBXGroup;
			children = (
				04C2B12F1876B6C800A22734 /* SerachImages */,
				04A5B3AC18754E030037E29A /* UserIcons */,
				04993ECA186423F200EA54C4 /* CollectionImages */,
				04993EB71864111C00EA54C4 /* TabBarIcons */,
				04993E971862EF3400EA54C4 /* banner1@2x.png */,
				04993E981862EF3400EA54C4 /* banner2@2x.png */,
				04993E991862EF3400EA54C4 /* banner3@2x.png */,
			);
			path = Images;
			sourceTree = "<group>";
		};
		04993EB71864111C00EA54C4 /* TabBarIcons */ = {
			isa = PBXGroup;
			children = (
				04993EBC1864112A00EA54C4 /* HomeIcon@2x.png */,
				04993EB81864112300EA54C4 /* SearchIcon@2x.png */,
				04993EB91864112300EA54C4 /* SetIcon@2x.png */,
			);
			path = TabBarIcons;
			sourceTree = "<group>";
		};
		04993EBE186411A400EA54C4 /* HomeVIewControllers */ = {
			isa = PBXGroup;
			children = (
				047D8C201869388F005AC5CF /* HomeViewController.h */,
				047D8C211869388F005AC5CF /* HomeViewController.m */,
				04CF949B186D869700440CB0 /* PlanListViewController.h */,
				04CF949C186D869700440CB0 /* PlanListViewController.m */,
				04A5B36A187159390037E29A /* PlanDetailViewController.h */,
				04A5B36B187159390037E29A /* PlanDetailViewController.m */,
			);
			path = HomeVIewControllers;
			sourceTree = "<group>";
		};
		04993EBF186411B800EA54C4 /* SearchViewControllers */ = {
			isa = PBXGroup;
			children = (
				04993EC1186411D700EA54C4 /* SearchViewController.h */,
				04993EC2186411D700EA54C4 /* SearchViewController.m */,
			);
			path = SearchViewControllers;
			sourceTree = "<group>";
		};
		04993EC0186411C400EA54C4 /* SetViewControllers */ = {
			isa = PBXGroup;
			children = (
				04993EC4186411E200EA54C4 /* SetViewController.h */,
				04993EC5186411E200EA54C4 /* SetViewController.m */,
			);
			path = SetViewControllers;
			sourceTree = "<group>";
		};
		04993ECA186423F200EA54C4 /* CollectionImages */ = {
			isa = PBXGroup;
			children = (
				04993ED21864294200EA54C4 /* fengJing@2x.png */,
				04993ED31864294200EA54C4 /* jinYeBuMian@2x.png */,
				04993ED41864294200EA54C4 /* juHui@2x.png */,
				04993ED51864294200EA54C4 /* maiZui@2x.png */,
				04993ED61864294200EA54C4 /* qinLvYueHui@2x.png */,
				04993ED71864294200EA54C4 /* qinZi@2x.png */,
				04993ED81864294200EA54C4 /* qita@2x.png */,
				04993ED91864294200EA54C4 /* xiaoQinXin@2x.png */,
				04993EDA1864294200EA54C4 /* yiGeRen@2x.png */,
			);
			path = CollectionImages;
			sourceTree = "<group>";
		};
		04A5B36D18716B9F0037E29A /* UserViewContrllers */ = {
			isa = PBXGroup;
			children = (
				D5640B8F187BE0F300D85342 /* UserViewController.h */,
				D5640B90187BE0F300D85342 /* UserViewController.m */,
				04A5B36E18716BAE0037E29A /* UserLoginViewController.h */,
				04A5B36F18716BAE0037E29A /* UserLoginViewController.m */,
				04A5B37118716BD00037E29A /* UserRegisterViewController.h */,
				04A5B37218716BD00037E29A /* UserRegisterViewController.m */,
			);
			path = UserViewContrllers;
			sourceTree = "<group>";
		};
		04A5B39518754BEE0037E29A /* UIKit+AFNetworking */ = {
			isa = PBXGroup;
			children = (
				04A5B39618754BEE0037E29A /* AFNetworkActivityIndicatorManager.h */,
				04A5B39718754BEE0037E29A /* AFNetworkActivityIndicatorManager.m */,
				04A5B39818754BEE0037E29A /* UIActivityIndicatorView+AFNetworking.h */,
				04A5B39918754BEE0037E29A /* UIActivityIndicatorView+AFNetworking.m */,
				04A5B39A18754BEE0037E29A /* UIAlertView+AFNetworking.h */,
				04A5B39B18754BEE0037E29A /* UIAlertView+AFNetworking.m */,
				04A5B39C18754BEE0037E29A /* UIButton+AFNetworking.h */,
				04A5B39D18754BEE0037E29A /* UIButton+AFNetworking.m */,
				04A5B39E18754BEE0037E29A /* UIImageView+AFNetworking.h */,
				04A5B39F18754BEE0037E29A /* UIImageView+AFNetworking.m */,
				04A5B3A018754BEE0037E29A /* UIKit+AFNetworking.h */,
				04A5B3A118754BEE0037E29A /* UIProgressView+AFNetworking.h */,
				04A5B3A218754BEE0037E29A /* UIProgressView+AFNetworking.m */,
				04A5B3A318754BEE0037E29A /* UIWebView+AFNetworking.h */,
				04A5B3A418754BEE0037E29A /* UIWebView+AFNetworking.m */,
			);
			path = "UIKit+AFNetworking";
			sourceTree = "<group>";
		};
		04A5B3AC18754E030037E29A /* UserIcons */ = {
			isa = PBXGroup;
			children = (
				DFE8F22D187BE23F0090C46C /* fenXiangGuoDe@2x.png */,
				DFE8F22E187BE23F0090C46C /* maShangDengRu@2x.png */,
				DFE8F22F187BE23F0090C46C /* shouCang@2x.png */,
				DFE8F230187BE23F0090C46C /* tuPian@2x.png */,
				04766EBA187E543E00F18184 /* fenXiangGuoDe@2x.png */,
				04766EBB187E543E00F18184 /* maShangDengRu@2x.png */,
				04766EBC187E543E00F18184 /* shouCang@2x.png */,
				04766EBD187E543E00F18184 /* tuPian@2x.png */,
				04A5B3AD18754E030037E29A /* dengLu@2x.png */,
				04A5B3AE18754E030037E29A /* DengLuZhuCe@2x.png */,
				04A5B3AF18754E030037E29A /* dengRuBg@2x.png */,
				04A5B3B018754E030037E29A /* queRen@2x.png */,
				04A5B3B118754E030037E29A /* touXiang@2x.png */,
				04A5B3B218754E030037E29A /* WeiBoDengru@2x.png */,
				04A5B3B318754E030037E29A /* zhuCe@2x.png */,
			);
			path = UserIcons;
			sourceTree = "<group>";
		};
		04A5B3BB18765ED70037E29A /* SWPodFiles */ = {
			isa = PBXGroup;
			children = (
				04A5B3BC18765ED70037E29A /* Constants.h */,
				04A5B3BD18765ED70037E29A /* NSMutableArray+SWUtilityButtons.h */,
				04A5B3BE18765ED70037E29A /* NSMutableArray+SWUtilityButtons.m */,
				04A5B3BF18765ED70037E29A /* SWCellScrollView.h */,
				04A5B3C018765ED70037E29A /* SWCellScrollView.m */,
				04A5B3C118765ED70037E29A /* SWLongPressGestureRecognizer.h */,
				04A5B3C218765ED70037E29A /* SWLongPressGestureRecognizer.m */,
				04A5B3C318765ED70037E29A /* SWTableViewCell.h */,
				04A5B3C418765ED70037E29A /* SWTableViewCell.m */,
				04A5B3C518765ED70037E29A /* SWUtilityButtonTapGestureRecognizer.h */,
				04A5B3C618765ED70037E29A /* SWUtilityButtonTapGestureRecognizer.m */,
				04A5B3C718765ED70037E29A /* SWUtilityButtonView.h */,
				04A5B3C818765ED70037E29A /* SWUtilityButtonView.m */,
			);
			name = SWPodFiles;
			path = PodFiles;
			sourceTree = "<group>";
		};
		04C2B1091876B50700A22734 /* NMRangeSlider */ = {
			isa = PBXGroup;
			children = (
				04C2B10A1876B50700A22734 /* DefaultTheme */,
				04C2B1131876B50800A22734 /* MetalTheme */,
				04C2B11C1876B50800A22734 /* NMRangeSlider.h */,
				04C2B11D1876B50800A22734 /* NMRangeSlider.m */,
			);
			path = NMRangeSlider;
			sourceTree = "<group>";
		};
		04C2B10A1876B50700A22734 /* DefaultTheme */ = {
			isa = PBXGroup;
			children = (
				04C2B10B1876B50700A22734 /* slider-default-handle-highlighted.png */,
				04C2B10C1876B50700A22734 /* slider-default-handle-highlighted@2x.png */,
				04C2B10D1876B50700A22734 /* slider-default-handle.png */,
				04C2B10E1876B50700A22734 /* slider-default-handle@2x.png */,
				04C2B10F1876B50700A22734 /* slider-default-track.png */,
				04C2B1101876B50700A22734 /* slider-default-track@2x.png */,
				04C2B1111876B50700A22734 /* slider-default-trackBackground.png */,
				04C2B1121876B50700A22734 /* slider-default_trackBackground@2x.png */,
			);
			path = DefaultTheme;
			sourceTree = "<group>";
		};
		04C2B1131876B50800A22734 /* MetalTheme */ = {
			isa = PBXGroup;
			children = (
				04C2B1141876B50800A22734 /* slider-metal-handle-highlighted.png */,
				04C2B1151876B50800A22734 /* slider-metal-handle-highlighted@2x.png */,
				04C2B1161876B50800A22734 /* slider-metal-handle.png */,
				04C2B1171876B50800A22734 /* slider-metal-handle@2x.png */,
				04C2B1181876B50800A22734 /* slider-metal-track.png */,
				04C2B1191876B50800A22734 /* slider-metal-track@2x.png */,
				04C2B11A1876B50800A22734 /* slider-metal-trackBackground.png */,
				04C2B11B1876B50800A22734 /* slider-metal-trackBackground@2x.png */,
			);
			path = MetalTheme;
			sourceTree = "<group>";
		};
		04C2B12F1876B6C800A22734 /* SerachImages */ = {
			isa = PBXGroup;
			children = (
				DFE4F418187F8CBD00676D40 /* baiKuang@2x.png */,
				DFE4F416187F8C9C00676D40 /* quanBuDiQu@2x.png */,
				04C2B1311876B6C800A22734 /* quanBuTeSe@2x.png */,
				04C2B1321876B6C800A22734 /* queDing@2x.png */,
				04C2B1331876B6C800A22734 /* tuoYuanKuang@2x.png */,
				04C2B1341876B6C800A22734 /* tuoYuanKuangCheng@2x.png */,
				04C2B1351876B6C800A22734 /* yuan@2x.png */,
			);
			path = SerachImages;
			sourceTree = "<group>";
		};
		D5640B8A187BE0D800D85342 /* SinaWeiboSDK */ = {
			isa = PBXGroup;
			children = (
				D5640B8B187BE0D800D85342 /* libSinaWeiboSDK.a */,
				D5640B8C187BE0D800D85342 /* WeiboSDK.bundle */,
				D5640B8D187BE0D800D85342 /* WeiboSDK.h */,
			);
			path = SinaWeiboSDK;
			sourceTree = "<group>";
		};
		DFE633EF1887749A00B63EA2 /* AllCharacteristicController */ = {
			isa = PBXGroup;
			children = (
				DFE633F0188774D600B63EA2 /* AllCharacteristicController.h */,
				DFE633F1188774D600B63EA2 /* AllCharacteristicController.m */,
			);
			path = AllCharacteristicController;
			sourceTree = "<group>";
		};
		DFE8F23C187BEA150090C46C /* AllRegionsController */ = {
			isa = PBXGroup;
			children = (
				DFE8F23E187BEADC0090C46C /* AllRegionsController.h */,
				DFE8F23D187BEADC0090C46C /* AllRegionsController.m */,
			);
			path = AllRegionsController;
			sourceTree = "<group>";
		};
/* End PBXGroup section */

/* Begin PBXNativeTarget section */
		0408117E184F04300046603E /* 008 */ = {
			isa = PBXNativeTarget;
			buildConfigurationList = 040811AB184F04300046603E /* Build configuration list for PBXNativeTarget "008" */;
			buildPhases = (
				0408117B184F04300046603E /* Sources */,
				0408117D184F04300046603E /* Resources */,
			);
			buildRules = (
			);
			dependencies = (
			);
			name = 008;
			productName = 008;
			productReference = 0408117F184F04300046603E /* 008.app */;
			productType = "com.apple.product-type.application";
		};
		04081199184F04300046603E /* 008Tests */ = {
			isa = PBXNativeTarget;
			buildConfigurationList = 040811AE184F04300046603E /* Build configuration list for PBXNativeTarget "008Tests" */;
			buildPhases = (
				04081196184F04300046603E /* Sources */,
				04081197184F04300046603E /* Frameworks */,
				04081198184F04300046603E /* Resources */,
			);
			buildRules = (
			);
			dependencies = (
				040811A0184F04300046603E /* PBXTargetDependency */,
			);
			name = 008Tests;
			productName = 008Tests;
			productReference = 0408119A184F04300046603E /* 008Tests.xctest */;
			productType = "com.apple.product-type.bundle.unit-test";
		};
/* End PBXNativeTarget section */

/* Begin PBXProject section */
		04081177184F04300046603E /* Project object */ = {
			isa = PBXProject;
			attributes = {
				LastUpgradeCheck = 0500;
				ORGANIZATIONNAME = zzlmilk;
				TargetAttributes = {
					04081199184F04300046603E = {
						TestTargetID = 0408117E184F04300046603E;
					};
				};
			};
			buildConfigurationList = 0408117A184F04300046603E /* Build configuration list for PBXProject "008" */;
			compatibilityVersion = "Xcode 3.2";
			developmentRegion = English;
			hasScannedForEncodings = 0;
			knownRegions = (
				en,
				"zh-Hans",
				"zh-Hant",
			);
			mainGroup = 04081176184F04300046603E;
			productRefGroup = 04081180184F04300046603E /* Products */;
			projectDirPath = "";
			projectRoot = "";
			targets = (
				0408117E184F04300046603E /* 008 */,
				04081199184F04300046603E /* 008Tests */,
			);
		};
/* End PBXProject section */

/* Begin PBXResourcesBuildPhase section */
		0408117D184F04300046603E /* Resources */ = {
			isa = PBXResourcesBuildPhase;
			buildActionMask = 2147483647;
			files = (
				04A5B3B718754E030037E29A /* queRen@2x.png in Resources */,
				04C2B1381876B6C800A22734 /* queDing@2x.png in Resources */,
				04C2B11E1876B50800A22734 /* slider-default-handle-highlighted.png in Resources */,
				DFE8F234187BE23F0090C46C /* tuPian@2x.png in Resources */,
				DFE8F233187BE23F0090C46C /* shouCang@2x.png in Resources */,
				04766EC1187E543E00F18184 /* tuPian@2x.png in Resources */,
				04766EC0187E543E00F18184 /* shouCang@2x.png in Resources */,
				04A5B3B518754E030037E29A /* DengLuZhuCe@2x.png in Resources */,
				D50BE30A1876591E00B8A40E /* (null) in Resources */,
				D5640B8E187BE0D800D85342 /* WeiboSDK.bundle in Resources */,
				DFE4F419187F8CBD00676D40 /* baiKuang@2x.png in Resources */,
				04993EBB1864112300EA54C4 /* SetIcon@2x.png in Resources */,
				04993EDE1864294200EA54C4 /* maiZui@2x.png in Resources */,
				04C2B1271876B50800A22734 /* slider-metal-handle-highlighted@2x.png in Resources */,
				04C2B1201876B50800A22734 /* slider-default-handle.png in Resources */,
				0408118D184F04300046603E /* InfoPlist.strings in Resources */,
				DFE4F417187F8C9C00676D40 /* quanBuDiQu@2x.png in Resources */,
				04C2B1221876B50800A22734 /* slider-default-track.png in Resources */,
				04A5B3B918754E030037E29A /* WeiBoDengru@2x.png in Resources */,
				04C2B1391876B6C800A22734 /* tuoYuanKuang@2x.png in Resources */,
				04993EE11864294200EA54C4 /* qita@2x.png in Resources */,
				04993EDC1864294200EA54C4 /* jinYeBuMian@2x.png in Resources */,
				D50BE30C1876591E00B8A40E /* (null) in Resources */,
				DFE8F231187BE23F0090C46C /* fenXiangGuoDe@2x.png in Resources */,
				04766EBE187E543E00F18184 /* fenXiangGuoDe@2x.png in Resources */,
				04C2B1251876B50800A22734 /* slider-default_trackBackground@2x.png in Resources */,
				04993E9A1862EF3400EA54C4 /* banner1@2x.png in Resources */,
				D50BE30D1876591E00B8A40E /* (null) in Resources */,
				04993EE21864294200EA54C4 /* xiaoQinXin@2x.png in Resources */,
				04993E9C1862EF3400EA54C4 /* banner3@2x.png in Resources */,
				DFE8F22C187BDB040090C46C /* (null) in Resources */,
				04993EBA1864112300EA54C4 /* SearchIcon@2x.png in Resources */,
				04C2B12B1876B50800A22734 /* slider-metal-track@2x.png in Resources */,
				DFEBD3C2187AAF5300FA087F /* (null) in Resources */,
				04C2B12A1876B50800A22734 /* slider-metal-track.png in Resources */,
				04C2B1241876B50800A22734 /* slider-default-trackBackground.png in Resources */,
				DFE8F232187BE23F0090C46C /* maShangDengRu@2x.png in Resources */,
				04766EBF187E543E00F18184 /* maShangDengRu@2x.png in Resources */,
				04C2B13A1876B6C800A22734 /* tuoYuanKuangCheng@2x.png in Resources */,
				04A5B3B818754E030037E29A /* touXiang@2x.png in Resources */,
				04C2B1291876B50800A22734 /* slider-metal-handle@2x.png in Resources */,
				04993EE31864294200EA54C4 /* yiGeRen@2x.png in Resources */,
				04993E9B1862EF3400EA54C4 /* banner2@2x.png in Resources */,
				04C2B1261876B50800A22734 /* slider-metal-handle-highlighted.png in Resources */,
				04993EBD1864112A00EA54C4 /* HomeIcon@2x.png in Resources */,
				04A5B3BA18754E030037E29A /* zhuCe@2x.png in Resources */,
				04993EDD1864294200EA54C4 /* juHui@2x.png in Resources */,
				04C2B11F1876B50800A22734 /* slider-default-handle-highlighted@2x.png in Resources */,
				04C2B1371876B6C800A22734 /* quanBuTeSe@2x.png in Resources */,
				04C2B12D1876B50800A22734 /* slider-metal-trackBackground@2x.png in Resources */,
				04081195184F04300046603E /* Images.xcassets in Resources */,
				04993EDB1864294200EA54C4 /* fengJing@2x.png in Resources */,
				04C2B1281876B50800A22734 /* slider-metal-handle.png in Resources */,
				04C2B1211876B50800A22734 /* slider-default-handle@2x.png in Resources */,
				04993EE01864294200EA54C4 /* qinZi@2x.png in Resources */,
				04993EDF1864294200EA54C4 /* qinLvYueHui@2x.png in Resources */,
				D50BE30B1876591E00B8A40E /* (null) in Resources */,
				04C2B13B1876B6C800A22734 /* yuan@2x.png in Resources */,
				04C2B1231876B50800A22734 /* slider-default-track@2x.png in Resources */,
				04C2B12C1876B50800A22734 /* slider-metal-trackBackground.png in Resources */,
				04A5B3B618754E030037E29A /* dengRuBg@2x.png in Resources */,
				04A5B3B418754E030037E29A /* dengLu@2x.png in Resources */,
				DFE77244187BD92900D02377 /* (null) in Resources */,
			);
			runOnlyForDeploymentPostprocessing = 0;
		};
		04081198184F04300046603E /* Resources */ = {
			isa = PBXResourcesBuildPhase;
			buildActionMask = 2147483647;
			files = (
				040811A6184F04300046603E /* InfoPlist.strings in Resources */,
			);
			runOnlyForDeploymentPostprocessing = 0;
		};
/* End PBXResourcesBuildPhase section */

/* Begin PBXSourcesBuildPhase section */
		0408117B184F04300046603E /* Sources */ = {
			isa = PBXSourcesBuildPhase;
			buildActionMask = 2147483647;
			files = (
				04CF949A186D7D3D00440CB0 /* Recommend.m in Sources */,
				04A5B3CC18765ED70037E29A /* SWTableViewCell.m in Sources */,
				D5640B89187BE0C400D85342 /* Error.m in Sources */,
				04A5B3CA18765ED70037E29A /* SWCellScrollView.m in Sources */,
				04993E731862CB9600EA54C4 /* AFHTTPRequestOperation.m in Sources */,
				04081193184F04300046603E /* AppDelegate.m in Sources */,
				D5640B91187BE0F300D85342 /* UserViewController.m in Sources */,
				04993E741862CB9600EA54C4 /* AFHTTPRequestOperationManager.m in Sources */,
				04A5B3941872AD8B0037E29A /* PlanCell.m in Sources */,
				047D8C28186AB48C005AC5CF /* Business.m in Sources */,
				D5E638B11875566B00CD7772 /* (null) in Sources */,
				04A5B3AB18754BEE0037E29A /* UIWebView+AFNetworking.m in Sources */,
				04A5B3A818754BEE0037E29A /* UIButton+AFNetworking.m in Sources */,
				04A5B37318716BD00037E29A /* UserRegisterViewController.m in Sources */,
				04A5B3A618754BEE0037E29A /* UIActivityIndicatorView+AFNetworking.m in Sources */,
				04A5B37018716BAE0037E29A /* UserLoginViewController.m in Sources */,
				04C2B12E1876B50800A22734 /* NMRangeSlider.m in Sources */,
				047D8C221869388F005AC5CF /* HomeViewController.m in Sources */,
				04A5B37618716BF20037E29A /* User.m in Sources */,
				04993EB61863FB8F00EA54C4 /* MainViewController.m in Sources */,
				04A5B3A718754BEE0037E29A /* UIAlertView+AFNetworking.m in Sources */,
				04993E8D1862D4E600EA54C4 /* REXFocusImageFrame.m in Sources */,
				04993EC918641C6D00EA54C4 /* CollectionPlanView.m in Sources */,
				04CF949D186D869700440CB0 /* PlanListViewController.m in Sources */,
				04993EC3186411D700EA54C4 /* SearchViewController.m in Sources */,
				04A5B3D118768D360037E29A /* REXJSONResponseSerializerWithData.m in Sources */,
				04993E761862CB9600EA54C4 /* AFNetworkReachabilityManager.m in Sources */,
				DFE633F2188774D600B63EA2 /* AllCharacteristicController.m in Sources */,
				04993E7A1862CB9600EA54C4 /* AFURLResponseSerialization.m in Sources */,
				046BF5BC187A57A6003B5E0C /* MBProgressHUD.m in Sources */,
				04A5B3A918754BEE0037E29A /* UIImageView+AFNetworking.m in Sources */,
				047D8C2518696AFD005AC5CF /* Plan.m in Sources */,
				DFE8F245187E5A150090C46C /* Regions.m in Sources */,
				046BF5BF187AADB7003B5E0C /* PlanDetailCell.m in Sources */,
				04A5B3AA18754BEE0037E29A /* UIProgressView+AFNetworking.m in Sources */,
				04A5B3CD18765ED70037E29A /* SWUtilityButtonTapGestureRecognizer.m in Sources */,
				04993E8A1862D4C100EA54C4 /* REXFocusImageItem.m in Sources */,
				04993E781862CB9600EA54C4 /* AFURLConnectionOperation.m in Sources */,
				04993ECF186427CA00EA54C4 /* Collection.m in Sources */,
				04993E771862CB9600EA54C4 /* AFSecurityPolicy.m in Sources */,
				04A5B3CB18765ED70037E29A /* SWLongPressGestureRecognizer.m in Sources */,
				04993EC6186411E200EA54C4 /* SetViewController.m in Sources */,
				04993E751862CB9600EA54C4 /* AFHTTPSessionManager.m in Sources */,
				DFE8F23F187BEADC0090C46C /* AllRegionsController.m in Sources */,
				04A5B3C918765ED70037E29A /* NSMutableArray+SWUtilityButtons.m in Sources */,
				04993E791862CB9600EA54C4 /* AFURLRequestSerialization.m in Sources */,
				04993E7B1862CB9600EA54C4 /* AFURLSessionManager.m in Sources */,
				04A5B3CE18765ED70037E29A /* SWUtilityButtonView.m in Sources */,
				04A5B36C187159390037E29A /* PlanDetailViewController.m in Sources */,
				DFE722751876A92C0095D090 /* (null) in Sources */,
				04A5B3A518754BEE0037E29A /* AFNetworkActivityIndicatorManager.m in Sources */,
				04993E861862CFEF00EA54C4 /* AppAPIClient.m in Sources */,
				04C2B1081876B48300A22734 /* CollectionSearchView.m in Sources */,
				04766EC4187E573400F18184 /* FarmeViewController.m in Sources */,
				0408118F184F04300046603E /* main.m in Sources */,
			);
			runOnlyForDeploymentPostprocessing = 0;
		};
		04081196184F04300046603E /* Sources */ = {
			isa = PBXSourcesBuildPhase;
			buildActionMask = 2147483647;
			files = (
				040811A8184F04300046603E /* _08Tests.m in Sources */,
			);
			runOnlyForDeploymentPostprocessing = 0;
		};
/* End PBXSourcesBuildPhase section */

/* Begin PBXTargetDependency section */
		040811A0184F04300046603E /* PBXTargetDependency */ = {
			isa = PBXTargetDependency;
			target = 0408117E184F04300046603E /* 008 */;
			targetProxy = 0408119F184F04300046603E /* PBXContainerItemProxy */;
		};
/* End PBXTargetDependency section */

/* Begin PBXVariantGroup section */
		0408118B184F04300046603E /* InfoPlist.strings */ = {
			isa = PBXVariantGroup;
			children = (
				0408118C184F04300046603E /* en */,
			);
			name = InfoPlist.strings;
			sourceTree = "<group>";
		};
		040811A4184F04300046603E /* InfoPlist.strings */ = {
			isa = PBXVariantGroup;
			children = (
				040811A5184F04300046603E /* en */,
			);
			name = InfoPlist.strings;
			sourceTree = "<group>";
		};
/* End PBXVariantGroup section */

/* Begin XCBuildConfiguration section */
		040811A9184F04300046603E /* Debug */ = {
			isa = XCBuildConfiguration;
			buildSettings = {
				ALWAYS_SEARCH_USER_PATHS = NO;
				ARCHS = "$(ARCHS_STANDARD_INCLUDING_64_BIT)";
				CLANG_CXX_LANGUAGE_STANDARD = "gnu++0x";
				CLANG_CXX_LIBRARY = "libc++";
				CLANG_ENABLE_MODULES = YES;
				CLANG_ENABLE_OBJC_ARC = YES;
				CLANG_WARN_BOOL_CONVERSION = YES;
				CLANG_WARN_CONSTANT_CONVERSION = YES;
				CLANG_WARN_DIRECT_OBJC_ISA_USAGE = YES_ERROR;
				CLANG_WARN_EMPTY_BODY = YES;
				CLANG_WARN_ENUM_CONVERSION = YES;
				CLANG_WARN_INT_CONVERSION = YES;
				CLANG_WARN_OBJC_ROOT_CLASS = YES_ERROR;
				CLANG_WARN__DUPLICATE_METHOD_MATCH = YES;
				"CODE_SIGN_IDENTITY[sdk=iphoneos*]" = "iPhone Developer";
				COPY_PHASE_STRIP = NO;
				GCC_C_LANGUAGE_STANDARD = gnu99;
				GCC_DYNAMIC_NO_PIC = NO;
				GCC_OPTIMIZATION_LEVEL = 0;
				GCC_PREPROCESSOR_DEFINITIONS = (
					"DEBUG=1",
					"$(inherited)",
				);
				GCC_SYMBOLS_PRIVATE_EXTERN = NO;
				GCC_WARN_64_TO_32_BIT_CONVERSION = YES;
				GCC_WARN_ABOUT_RETURN_TYPE = YES_ERROR;
				GCC_WARN_UNDECLARED_SELECTOR = YES;
				GCC_WARN_UNINITIALIZED_AUTOS = YES;
				GCC_WARN_UNUSED_FUNCTION = YES;
				GCC_WARN_UNUSED_VARIABLE = YES;
				IPHONEOS_DEPLOYMENT_TARGET = 7.0;
				ONLY_ACTIVE_ARCH = YES;
				SDKROOT = iphoneos;
				TARGETED_DEVICE_FAMILY = 2;
			};
			name = Debug;
		};
		040811AA184F04300046603E /* Release */ = {
			isa = XCBuildConfiguration;
			buildSettings = {
				ALWAYS_SEARCH_USER_PATHS = NO;
				ARCHS = "$(ARCHS_STANDARD_INCLUDING_64_BIT)";
				CLANG_CXX_LANGUAGE_STANDARD = "gnu++0x";
				CLANG_CXX_LIBRARY = "libc++";
				CLANG_ENABLE_MODULES = YES;
				CLANG_ENABLE_OBJC_ARC = YES;
				CLANG_WARN_BOOL_CONVERSION = YES;
				CLANG_WARN_CONSTANT_CONVERSION = YES;
				CLANG_WARN_DIRECT_OBJC_ISA_USAGE = YES_ERROR;
				CLANG_WARN_EMPTY_BODY = YES;
				CLANG_WARN_ENUM_CONVERSION = YES;
				CLANG_WARN_INT_CONVERSION = YES;
				CLANG_WARN_OBJC_ROOT_CLASS = YES_ERROR;
				CLANG_WARN__DUPLICATE_METHOD_MATCH = YES;
				"CODE_SIGN_IDENTITY[sdk=iphoneos*]" = "iPhone Developer";
				COPY_PHASE_STRIP = YES;
				ENABLE_NS_ASSERTIONS = NO;
				GCC_C_LANGUAGE_STANDARD = gnu99;
				GCC_WARN_64_TO_32_BIT_CONVERSION = YES;
				GCC_WARN_ABOUT_RETURN_TYPE = YES_ERROR;
				GCC_WARN_UNDECLARED_SELECTOR = YES;
				GCC_WARN_UNINITIALIZED_AUTOS = YES;
				GCC_WARN_UNUSED_FUNCTION = YES;
				GCC_WARN_UNUSED_VARIABLE = YES;
				IPHONEOS_DEPLOYMENT_TARGET = 7.0;
				SDKROOT = iphoneos;
				TARGETED_DEVICE_FAMILY = 2;
				VALIDATE_PRODUCT = YES;
			};
			name = Release;
		};
		040811AC184F04300046603E /* Debug */ = {
			isa = XCBuildConfiguration;
			buildSettings = {
				ASSETCATALOG_COMPILER_APPICON_NAME = AppIcon;
				ASSETCATALOG_COMPILER_LAUNCHIMAGE_NAME = LaunchImage;
				GCC_PRECOMPILE_PREFIX_HEADER = YES;
				GCC_PREFIX_HEADER = "008/008-Prefix.pch";
				INFOPLIST_FILE = "008/008-Info.plist";
				OTHER_LDFLAGS = "";
				PRESERVE_DEAD_CODE_INITS_AND_TERMS = YES;
				PRODUCT_NAME = "$(TARGET_NAME)";
				TARGETED_DEVICE_FAMILY = 1;
				WRAPPER_EXTENSION = app;
			};
			name = Debug;
		};
		040811AD184F04300046603E /* Release */ = {
			isa = XCBuildConfiguration;
			buildSettings = {
				ASSETCATALOG_COMPILER_APPICON_NAME = AppIcon;
				ASSETCATALOG_COMPILER_LAUNCHIMAGE_NAME = LaunchImage;
				GCC_PRECOMPILE_PREFIX_HEADER = YES;
				GCC_PREFIX_HEADER = "008/008-Prefix.pch";
				INFOPLIST_FILE = "008/008-Info.plist";
				OTHER_LDFLAGS = "";
				PRESERVE_DEAD_CODE_INITS_AND_TERMS = YES;
				PRODUCT_NAME = "$(TARGET_NAME)";
				TARGETED_DEVICE_FAMILY = 1;
				WRAPPER_EXTENSION = app;
			};
			name = Release;
		};
		040811AF184F04300046603E /* Debug */ = {
			isa = XCBuildConfiguration;
			buildSettings = {
				ARCHS = "$(ARCHS_STANDARD_INCLUDING_64_BIT)";
				BUNDLE_LOADER = "$(BUILT_PRODUCTS_DIR)/008.app/008";
				FRAMEWORK_SEARCH_PATHS = (
					"$(SDKROOT)/Developer/Library/Frameworks",
					"$(inherited)",
					"$(DEVELOPER_FRAMEWORKS_DIR)",
				);
				GCC_PRECOMPILE_PREFIX_HEADER = YES;
				GCC_PREFIX_HEADER = "008/008-Prefix.pch";
				GCC_PREPROCESSOR_DEFINITIONS = (
					"DEBUG=1",
					"$(inherited)",
				);
				INFOPLIST_FILE = "008Tests/008Tests-Info.plist";
				PRODUCT_NAME = "$(TARGET_NAME)";
				TEST_HOST = "$(BUNDLE_LOADER)";
				WRAPPER_EXTENSION = xctest;
			};
			name = Debug;
		};
		040811B0184F04300046603E /* Release */ = {
			isa = XCBuildConfiguration;
			buildSettings = {
				ARCHS = "$(ARCHS_STANDARD_INCLUDING_64_BIT)";
				BUNDLE_LOADER = "$(BUILT_PRODUCTS_DIR)/008.app/008";
				FRAMEWORK_SEARCH_PATHS = (
					"$(SDKROOT)/Developer/Library/Frameworks",
					"$(inherited)",
					"$(DEVELOPER_FRAMEWORKS_DIR)",
				);
				GCC_PRECOMPILE_PREFIX_HEADER = YES;
				GCC_PREFIX_HEADER = "008/008-Prefix.pch";
				INFOPLIST_FILE = "008Tests/008Tests-Info.plist";
				PRODUCT_NAME = "$(TARGET_NAME)";
				TEST_HOST = "$(BUNDLE_LOADER)";
				WRAPPER_EXTENSION = xctest;
			};
			name = Release;
		};
/* End XCBuildConfiguration section */

/* Begin XCConfigurationList section */
		0408117A184F04300046603E /* Build configuration list for PBXProject "008" */ = {
			isa = XCConfigurationList;
			buildConfigurations = (
				040811A9184F04300046603E /* Debug */,
				040811AA184F04300046603E /* Release */,
			);
			defaultConfigurationIsVisible = 0;
			defaultConfigurationName = Release;
		};
		040811AB184F04300046603E /* Build configuration list for PBXNativeTarget "008" */ = {
			isa = XCConfigurationList;
			buildConfigurations = (
				040811AC184F04300046603E /* Debug */,
				040811AD184F04300046603E /* Release */,
			);
			defaultConfigurationIsVisible = 0;
			defaultConfigurationName = Release;
		};
		040811AE184F04300046603E /* Build configuration list for PBXNativeTarget "008Tests" */ = {
			isa = XCConfigurationList;
			buildConfigurations = (
				040811AF184F04300046603E /* Debug */,
				040811B0184F04300046603E /* Release */,
			);
			defaultConfigurationIsVisible = 0;
			defaultConfigurationName = Release;
		};
/* End XCConfigurationList section */
	};
	rootObject = 04081177184F04300046603E /* Project object */;
}
